PODS:
  - SDWebImage (3.6):
    - SDWebImage/Core
  - SDWebImage/Core (3.6)
  - ZXingObjC (3.0.1):
    - ZXingObjC/All
  - ZXingObjC/All (3.0.1)

DEPENDENCIES:
  - SDWebImage (~> 3.6)
  - ZXingObjC (~> 3.0)

SPEC CHECKSUMS:
  SDWebImage: c6989652c1cdf27cbdf3f56957e2030f825af5bc
  ZXingObjC: e21ba2d24fdb226d4c6c8484aa901c0381bdf633

COCOAPODS: 0.33.1
