PODS:
  - AFNetworking (1.3.4)
  - SDWebImage (3.7.0):
    - SDWebImage/Core
  - SDWebImage/Core (3.7.0)
  - ZXingObjC (3.0.1):
    - ZXingObjC/All
  - ZXingObjC/All (3.0.1)

DEPENDENCIES:
  - AFNetworking (~> 1.3)
  - SDWebImage (~> 3.7)
  - ZXingObjC (~> 3.0)

SPEC CHECKSUMS:
  AFNetworking: 80c4e0652b08eb34e25b9c0ff3c82556fe5967b4
  SDWebImage: 791cb0f588046cb0bb7802ae8ae8f5462947b773
  ZXingObjC: e21ba2d24fdb226d4c6c8484aa901c0381bdf633

COCOAPODS: 0.33.1
