// !$*UTF8*$!
{
	archiveVersion = 1;
	classes = {
	};
	objectVersion = 46;
	objects = {

/* Begin PBXBuildFile section */
		042ECD4B1693537C00C77193 /* first.png in Resources */ = {isa = PBXBuildFile; fileRef = 042ECD451693537C00C77193 /* first.png */; };
		042ECD4C1693537C00C77193 /* first@2x.png in Resources */ = {isa = PBXBuildFile; fileRef = 042ECD461693537C00C77193 /* first@2x.png */; };
		042ECD4D1693537C00C77193 /* logo.png in Resources */ = {isa = PBXBuildFile; fileRef = 042ECD471693537C00C77193 /* logo.png */; };
		042ECD4E1693537C00C77193 /* logo@2x.png in Resources */ = {isa = PBXBuildFile; fileRef = 042ECD481693537C00C77193 /* logo@2x.png */; };
		042ECD4F1693537C00C77193 /* second.png in Resources */ = {isa = PBXBuildFile; fileRef = 042ECD491693537C00C77193 /* second.png */; };
		042ECD501693537C00C77193 /* second@2x.png in Resources */ = {isa = PBXBuildFile; fileRef = 042ECD4A1693537C00C77193 /* second@2x.png */; };
		042ECD64169614C200C77193 /* SlashatArchiveTableViewController.m in Sources */ = {isa = PBXBuildFile; fileRef = 042ECD63169614C200C77193 /* SlashatArchiveTableViewController.m */; };
		042ECD6A169616C400C77193 /* SlashatAboutTableViewController.m in Sources */ = {isa = PBXBuildFile; fileRef = 042ECD69169616C400C77193 /* SlashatAboutTableViewController.m */; };
		042ECD6D1696177D00C77193 /* SlashatAboutHostProfileViewController.m in Sources */ = {isa = PBXBuildFile; fileRef = 042ECD6C1696177D00C77193 /* SlashatAboutHostProfileViewController.m */; };
		042ECD7016961A1400C77193 /* SlashatLiveViewController.m in Sources */ = {isa = PBXBuildFile; fileRef = 042ECD6F16961A1400C77193 /* SlashatLiveViewController.m */; };
		043255161702255200639F82 /* SlashatCountdownViewController.m in Sources */ = {isa = PBXBuildFile; fileRef = 043255151702255200639F82 /* SlashatCountdownViewController.m */; };
		043B543E169313A500B71F3A /* UIKit.framework in Frameworks */ = {isa = PBXBuildFile; fileRef = 043B543D169313A500B71F3A /* UIKit.framework */; };
		043B5440169313A500B71F3A /* Foundation.framework in Frameworks */ = {isa = PBXBuildFile; fileRef = 043B543F169313A500B71F3A /* Foundation.framework */; };
		043B5442169313A500B71F3A /* CoreGraphics.framework in Frameworks */ = {isa = PBXBuildFile; fileRef = 043B5441169313A500B71F3A /* CoreGraphics.framework */; };
		043B5448169313A500B71F3A /* InfoPlist.strings in Resources */ = {isa = PBXBuildFile; fileRef = 043B5446169313A500B71F3A /* InfoPlist.strings */; };
		043B544A169313A500B71F3A /* main.m in Sources */ = {isa = PBXBuildFile; fileRef = 043B5449169313A500B71F3A /* main.m */; };
		043B544E169313A500B71F3A /* AppDelegate.m in Sources */ = {isa = PBXBuildFile; fileRef = 043B544D169313A500B71F3A /* AppDelegate.m */; };
		043B5450169313A500B71F3A /* Default.png in Resources */ = {isa = PBXBuildFile; fileRef = 043B544F169313A500B71F3A /* Default.png */; };
		043B5452169313A500B71F3A /* Default@2x.png in Resources */ = {isa = PBXBuildFile; fileRef = 043B5451169313A500B71F3A /* Default@2x.png */; };
		043B5454169313A500B71F3A /* Default-568h@2x.png in Resources */ = {isa = PBXBuildFile; fileRef = 043B5453169313A500B71F3A /* Default-568h@2x.png */; };
		043B5457169313A500B71F3A /* MainStoryboard_iPhone.storyboard in Resources */ = {isa = PBXBuildFile; fileRef = 043B5455169313A500B71F3A /* MainStoryboard_iPhone.storyboard */; };
		043B545A169313A500B71F3A /* MainStoryboard_iPad.storyboard in Resources */ = {isa = PBXBuildFile; fileRef = 043B5458169313A500B71F3A /* MainStoryboard_iPad.storyboard */; };
		043B5470169313A500B71F3A /* SenTestingKit.framework in Frameworks */ = {isa = PBXBuildFile; fileRef = 043B546F169313A500B71F3A /* SenTestingKit.framework */; };
		043B5471169313A500B71F3A /* UIKit.framework in Frameworks */ = {isa = PBXBuildFile; fileRef = 043B543D169313A500B71F3A /* UIKit.framework */; };
		043B5472169313A500B71F3A /* Foundation.framework in Frameworks */ = {isa = PBXBuildFile; fileRef = 043B543F169313A500B71F3A /* Foundation.framework */; };
		043B547A169313A500B71F3A /* InfoPlist.strings in Resources */ = {isa = PBXBuildFile; fileRef = 043B5478169313A500B71F3A /* InfoPlist.strings */; };
		043B547D169313A500B71F3A /* SlashatTests.m in Sources */ = {isa = PBXBuildFile; fileRef = 043B547C169313A500B71F3A /* SlashatTests.m */; };
		0444667217CE68A4007E9707 /* SlashatApplication.m in Sources */ = {isa = PBXBuildFile; fileRef = 0444667117CE68A4007E9707 /* SlashatApplication.m */; };
		044730591698623F00C74E01 /* RSSParser.m in Sources */ = {isa = PBXBuildFile; fileRef = 044730571698623F00C74E01 /* RSSParser.m */; };
		0447305D16987BB100C74E01 /* SlashatArchiveEpisodeViewController.m in Sources */ = {isa = PBXBuildFile; fileRef = 0447305C16987BB100C74E01 /* SlashatArchiveEpisodeViewController.m */; };
		0452944616985951001F0504 /* AFHTTPClient.m in Sources */ = {isa = PBXBuildFile; fileRef = 0452943416985951001F0504 /* AFHTTPClient.m */; };
		0452944716985951001F0504 /* AFHTTPRequestOperation.m in Sources */ = {isa = PBXBuildFile; fileRef = 0452943616985951001F0504 /* AFHTTPRequestOperation.m */; };
		0452944816985951001F0504 /* AFImageRequestOperation.m in Sources */ = {isa = PBXBuildFile; fileRef = 0452943816985951001F0504 /* AFImageRequestOperation.m */; };
		0452944916985951001F0504 /* AFJSONRequestOperation.m in Sources */ = {isa = PBXBuildFile; fileRef = 0452943A16985951001F0504 /* AFJSONRequestOperation.m */; };
		0452944A16985951001F0504 /* AFNetworkActivityIndicatorManager.m in Sources */ = {isa = PBXBuildFile; fileRef = 0452943C16985951001F0504 /* AFNetworkActivityIndicatorManager.m */; };
		0452944B16985951001F0504 /* AFPropertyListRequestOperation.m in Sources */ = {isa = PBXBuildFile; fileRef = 0452943F16985951001F0504 /* AFPropertyListRequestOperation.m */; };
		0452944C16985951001F0504 /* AFURLConnectionOperation.m in Sources */ = {isa = PBXBuildFile; fileRef = 0452944116985951001F0504 /* AFURLConnectionOperation.m */; };
		0452944D16985951001F0504 /* AFXMLRequestOperation.m in Sources */ = {isa = PBXBuildFile; fileRef = 0452944316985951001F0504 /* AFXMLRequestOperation.m */; };
		0452944E16985951001F0504 /* UIImageView+AFNetworking.m in Sources */ = {isa = PBXBuildFile; fileRef = 0452944516985951001F0504 /* UIImageView+AFNetworking.m */; };
		0456B95217CFAE0100826CEB /* MenuViewController.m in Sources */ = {isa = PBXBuildFile; fileRef = 0456B94D17CFAE0100826CEB /* MenuViewController.m */; };
		0456B95317CFAE0100826CEB /* RootViewController.m in Sources */ = {isa = PBXBuildFile; fileRef = 0456B94F17CFAE0100826CEB /* RootViewController.m */; };
		0456B95417CFAE0100826CEB /* StackScrollViewController.m in Sources */ = {isa = PBXBuildFile; fileRef = 0456B95117CFAE0100826CEB /* StackScrollViewController.m */; };
		0456B95B17CFAE7800826CEB /* DataViewController.m in Sources */ = {isa = PBXBuildFile; fileRef = 0456B95617CFAE7700826CEB /* DataViewController.m */; };
		0456B95D17CFAE7800826CEB /* UIViewWithShadow.m in Sources */ = {isa = PBXBuildFile; fileRef = 0456B95A17CFAE7800826CEB /* UIViewWithShadow.m */; };
		0456B96017D1E97900826CEB /* SlashatAPIManager.m in Sources */ = {isa = PBXBuildFile; fileRef = 0456B95F17D1E97900826CEB /* SlashatAPIManager.m */; };
		0456B96317D1F1F600826CEB /* SlashatArchiveViewController~iPad.m in Sources */ = {isa = PBXBuildFile; fileRef = 0456B96217D1F1F600826CEB /* SlashatArchiveViewController~iPad.m */; };
		0456B96617D1F59200826CEB /* SlashatArchiveEpisodeViewController~iPad.m in Sources */ = {isa = PBXBuildFile; fileRef = 0456B96517D1F59100826CEB /* SlashatArchiveEpisodeViewController~iPad.m */; };
		0456B98217D32B0900826CEB /* SlashatLiveViewController~iPad.m in Sources */ = {isa = PBXBuildFile; fileRef = 0456B98117D32B0900826CEB /* SlashatLiveViewController~iPad.m */; };
		0456B98417D3386D00826CEB /* CountdownView~iPad.xib in Resources */ = {isa = PBXBuildFile; fileRef = 0456B98317D3386D00826CEB /* CountdownView~iPad.xib */; };
		0456B98717D341A900826CEB /* logo_neg.png in Resources */ = {isa = PBXBuildFile; fileRef = 0456B98517D341A900826CEB /* logo_neg.png */; };
		0456B98817D341A900826CEB /* logo_neg@2x.png in Resources */ = {isa = PBXBuildFile; fileRef = 0456B98617D341A900826CEB /* logo_neg@2x.png */; };
		04596A2017199E450094C499 /* QuartzCore.framework in Frameworks */ = {isa = PBXBuildFile; fileRef = 04596A1F17199E450094C499 /* QuartzCore.framework */; };
		04599EEB17AA5550004C5B33 /* femalecodertocat@2x.png in Resources */ = {isa = PBXBuildFile; fileRef = 04599EEA17AA5550004C5B33 /* femalecodertocat@2x.png */; };
		046D60E016BD12D80088678E /* SlashatLiveVideoViewController.m in Sources */ = {isa = PBXBuildFile; fileRef = 046D60DF16BD12D80088678E /* SlashatLiveVideoViewController.m */; };
		046DEAAA17820AC5004A3A88 /* Slashat_about@2x.png in Resources */ = {isa = PBXBuildFile; fileRef = 046DEAA817820AC5004A3A88 /* Slashat_about@2x.png */; };
		046DEAAB17820AC5004A3A88 /* Slashat_archive@2x.png in Resources */ = {isa = PBXBuildFile; fileRef = 046DEAA917820AC5004A3A88 /* Slashat_archive@2x.png */; };
		046DEAAE17820CAC004A3A88 /* Slashat_archive.png in Resources */ = {isa = PBXBuildFile; fileRef = 046DEAAC17820CAC004A3A88 /* Slashat_archive.png */; };
		046DEAAF17820CAC004A3A88 /* Slashat_about.png in Resources */ = {isa = PBXBuildFile; fileRef = 046DEAAD17820CAC004A3A88 /* Slashat_about.png */; };
		046DEABD178214ED004A3A88 /* About_active.png in Resources */ = {isa = PBXBuildFile; fileRef = 046DEAB1178214ED004A3A88 /* About_active.png */; };
		046DEABE178214ED004A3A88 /* About_active@2x.png in Resources */ = {isa = PBXBuildFile; fileRef = 046DEAB2178214ED004A3A88 /* About_active@2x.png */; };
		046DEABF178214ED004A3A88 /* About_passive.png in Resources */ = {isa = PBXBuildFile; fileRef = 046DEAB3178214ED004A3A88 /* About_passive.png */; };
		046DEAC0178214ED004A3A88 /* About_passive@2x.png in Resources */ = {isa = PBXBuildFile; fileRef = 046DEAB4178214ED004A3A88 /* About_passive@2x.png */; };
		046DEAC1178214ED004A3A88 /* Archive_active.png in Resources */ = {isa = PBXBuildFile; fileRef = 046DEAB5178214ED004A3A88 /* Archive_active.png */; };
		046DEAC2178214ED004A3A88 /* Archive_active@2x.png in Resources */ = {isa = PBXBuildFile; fileRef = 046DEAB6178214ED004A3A88 /* Archive_active@2x.png */; };
		046DEAC3178214ED004A3A88 /* Archive_passive.png in Resources */ = {isa = PBXBuildFile; fileRef = 046DEAB7178214ED004A3A88 /* Archive_passive.png */; };
		046DEAC4178214ED004A3A88 /* Archive_passive@2x.png in Resources */ = {isa = PBXBuildFile; fileRef = 046DEAB8178214ED004A3A88 /* Archive_passive@2x.png */; };
		046DEAC5178214ED004A3A88 /* Live_active.png in Resources */ = {isa = PBXBuildFile; fileRef = 046DEAB9178214ED004A3A88 /* Live_active.png */; };
		046DEAC6178214ED004A3A88 /* Live_active@2x.png in Resources */ = {isa = PBXBuildFile; fileRef = 046DEABA178214ED004A3A88 /* Live_active@2x.png */; };
		046DEAC7178214ED004A3A88 /* Live_passive.png in Resources */ = {isa = PBXBuildFile; fileRef = 046DEABB178214ED004A3A88 /* Live_passive.png */; };
		046DEAC8178214ED004A3A88 /* Live_passive@2x.png in Resources */ = {isa = PBXBuildFile; fileRef = 046DEABC178214ED004A3A88 /* Live_passive@2x.png */; };
		046EF2F41763292B00005B82 /* Social.framework in Frameworks */ = {isa = PBXBuildFile; fileRef = 046EF2F31763292B00005B82 /* Social.framework */; };
		04789287177A21AD0091B0AD /* Slashat-hosts.plist in Resources */ = {isa = PBXBuildFile; fileRef = 04789286177A21AD0091B0AD /* Slashat-hosts.plist */; };
		04789290177A30050091B0AD /* SlashatHost.m in Sources */ = {isa = PBXBuildFile; fileRef = 0478928F177A30050091B0AD /* SlashatHost.m */; };
		04789294177EEEFE0091B0AD /* snyggjeppe@2x.jpg in Resources */ = {isa = PBXBuildFile; fileRef = 04789292177EEEFE0091B0AD /* snyggjeppe@2x.jpg */; };
		04789295177EEEFE0091B0AD /* snyggmagnus@2x.jpg in Resources */ = {isa = PBXBuildFile; fileRef = 04789293177EEEFE0091B0AD /* snyggmagnus@2x.jpg */; };
		04789297177EF0EF0091B0AD /* snyggjohan@2x.jpg in Resources */ = {isa = PBXBuildFile; fileRef = 04789296177EF0EF0091B0AD /* snyggjohan@2x.jpg */; };
		0478929B177EF2DE0091B0AD /* snyggtommie@2x.jpg in Resources */ = {isa = PBXBuildFile; fileRef = 0478929A177EF2DE0091B0AD /* snyggtommie@2x.jpg */; };
		0478929D177EFC6E0091B0AD /* nicklas@2x.png in Resources */ = {isa = PBXBuildFile; fileRef = 0478929C177EFC6E0091B0AD /* nicklas@2x.png */; };
		0481815A16A0A71000F60954 /* SlashatAudioHandler.m in Sources */ = {isa = PBXBuildFile; fileRef = 0481815916A0A71000F60954 /* SlashatAudioHandler.m */; };
		0481815E16A0BC4500F60954 /* SlashatEpisode.m in Sources */ = {isa = PBXBuildFile; fileRef = 0481815D16A0BC4500F60954 /* SlashatEpisode.m */; };
		0481816516A0D11900F60954 /* icon.png in Resources */ = {isa = PBXBuildFile; fileRef = 0481816316A0D11900F60954 /* icon.png */; };
		0481816616A0D11900F60954 /* icon@2x.png in Resources */ = {isa = PBXBuildFile; fileRef = 0481816416A0D11900F60954 /* icon@2x.png */; };
		0481816D16A314D900F60954 /* SlashatAudioControlViewController.m in Sources */ = {isa = PBXBuildFile; fileRef = 0481816C16A314D900F60954 /* SlashatAudioControlViewController.m */; };
		048EC31F173BA6890043E57D /* SystemConfiguration.framework in Frameworks */ = {isa = PBXBuildFile; fileRef = 048EC31E173BA6890043E57D /* SystemConfiguration.framework */; };
		048EC321173BA6C10043E57D /* MobileCoreServices.framework in Frameworks */ = {isa = PBXBuildFile; fileRef = 048EC320173BA6C10043E57D /* MobileCoreServices.framework */; };
		04940492169C96BE00871DB3 /* AVFoundation.framework in Frameworks */ = {isa = PBXBuildFile; fileRef = 04940491169C96BE00871DB3 /* AVFoundation.framework */; };
		04940495169CA34600871DB3 /* AudioToolbox.framework in Frameworks */ = {isa = PBXBuildFile; fileRef = 04940494169CA34600871DB3 /* AudioToolbox.framework */; };
		0494049E169CB27300871DB3 /* MediaPlayer.framework in Frameworks */ = {isa = PBXBuildFile; fileRef = 0494049D169CB27300871DB3 /* MediaPlayer.framework */; };
		04956B5117AA7FF200091C26 /* SlashatAudioControlsView~iphone.xib in Resources */ = {isa = PBXBuildFile; fileRef = 04956B5017AA7FF200091C26 /* SlashatAudioControlsView~iphone.xib */; };
		04956B5617AA876200091C26 /* Slashat_pause.png in Resources */ = {isa = PBXBuildFile; fileRef = 04956B5217AA876200091C26 /* Slashat_pause.png */; };
		04956B5717AA876200091C26 /* Slashat_play.png in Resources */ = {isa = PBXBuildFile; fileRef = 04956B5317AA876200091C26 /* Slashat_play.png */; };
		04956B5817AA876200091C26 /* Slashat_pause@2x.png in Resources */ = {isa = PBXBuildFile; fileRef = 04956B5417AA876200091C26 /* Slashat_pause@2x.png */; };
		04956B5917AA876200091C26 /* Slashat_play@2x.png in Resources */ = {isa = PBXBuildFile; fileRef = 04956B5517AA876200091C26 /* Slashat_play@2x.png */; };
		04956B5C17B5690A00091C26 /* player_flap.png in Resources */ = {isa = PBXBuildFile; fileRef = 04956B5A17B5690A00091C26 /* player_flap.png */; };
		04956B5D17B5690A00091C26 /* player_flap@2x.png in Resources */ = {isa = PBXBuildFile; fileRef = 04956B5B17B5690A00091C26 /* player_flap@2x.png */; };
		04956B6017B56A8400091C26 /* player_flap_icon.png in Resources */ = {isa = PBXBuildFile; fileRef = 04956B5E17B56A8400091C26 /* player_flap_icon.png */; };
		04956B6117B56A8400091C26 /* player_flap_icon@2x.png in Resources */ = {isa = PBXBuildFile; fileRef = 04956B5F17B56A8400091C26 /* player_flap_icon@2x.png */; };
		04972488179FD2E4003685CD /* MessageUI.framework in Frameworks */ = {isa = PBXBuildFile; fileRef = 04972487179FD2E4003685CD /* MessageUI.framework */; };
		04CA4C88179033A300428565 /* Slashat_mail.png in Resources */ = {isa = PBXBuildFile; fileRef = 04CA4C82179033A300428565 /* Slashat_mail.png */; };
		04CA4C89179033A300428565 /* Slashat_twitter.png in Resources */ = {isa = PBXBuildFile; fileRef = 04CA4C83179033A300428565 /* Slashat_twitter.png */; };
		04CA4C8A179033A300428565 /* Slashat_webb.png in Resources */ = {isa = PBXBuildFile; fileRef = 04CA4C84179033A300428565 /* Slashat_webb.png */; };
		04CA4C8B179033A300428565 /* Slashat_mail@2x.png in Resources */ = {isa = PBXBuildFile; fileRef = 04CA4C85179033A300428565 /* Slashat_mail@2x.png */; };
		04CA4C8C179033A300428565 /* Slashat_twitter@2x.png in Resources */ = {isa = PBXBuildFile; fileRef = 04CA4C86179033A300428565 /* Slashat_twitter@2x.png */; };
		04CA4C8D179033A300428565 /* Slashat_webb@2x.png in Resources */ = {isa = PBXBuildFile; fileRef = 04CA4C87179033A300428565 /* Slashat_webb@2x.png */; };
		04CA4C90179036C100428565 /* Slashat_stream.png in Resources */ = {isa = PBXBuildFile; fileRef = 04CA4C8E179036C000428565 /* Slashat_stream.png */; };
		04CA4C91179036C100428565 /* Slashat_stream@2x.png in Resources */ = {isa = PBXBuildFile; fileRef = 04CA4C8F179036C100428565 /* Slashat_stream@2x.png */; };
		04CA4C94179041DC00428565 /* Navigationbar.png in Resources */ = {isa = PBXBuildFile; fileRef = 04CA4C92179041DC00428565 /* Navigationbar.png */; };
		04CA4C95179041DC00428565 /* Navigationbar@2x.png in Resources */ = {isa = PBXBuildFile; fileRef = 04CA4C93179041DC00428565 /* Navigationbar@2x.png */; };
		04CA4C981790448300428565 /* Slashat_logo.png in Resources */ = {isa = PBXBuildFile; fileRef = 04CA4C961790448200428565 /* Slashat_logo.png */; };
		04CA4C991790448300428565 /* Slashat_logo@2x.png in Resources */ = {isa = PBXBuildFile; fileRef = 04CA4C971790448300428565 /* Slashat_logo@2x.png */; };
		04CA4C9E17941DE500428565 /* Slashat_fbshare.png in Resources */ = {isa = PBXBuildFile; fileRef = 04CA4C9A17941DE500428565 /* Slashat_fbshare.png */; };
		04CA4C9F17941DE500428565 /* Slashat_twittershare.png in Resources */ = {isa = PBXBuildFile; fileRef = 04CA4C9B17941DE500428565 /* Slashat_twittershare.png */; };
		04CA4CA017941DE500428565 /* Slashat_twittershare@2x.png in Resources */ = {isa = PBXBuildFile; fileRef = 04CA4C9C17941DE500428565 /* Slashat_twittershare@2x.png */; };
		04CA4CA117941DE500428565 /* Slashat_fbshare@2x.png in Resources */ = {isa = PBXBuildFile; fileRef = 04CA4C9D17941DE500428565 /* Slashat_fbshare@2x.png */; };
		04CEA8ED17D3552000C265B9 /* UIColor+Slashat.m in Sources */ = {isa = PBXBuildFile; fileRef = 04CEA8EC17D3552000C265B9 /* UIColor+Slashat.m */; };
		04CEA8EF17D359E900C265B9 /* SlashatEpisodeView~iPad.xib in Resources */ = {isa = PBXBuildFile; fileRef = 04CEA8EE17D359E900C265B9 /* SlashatEpisodeView~iPad.xib */; };
		04E9FE0417CD29A500D77E83 /* podcast_icon.png in Resources */ = {isa = PBXBuildFile; fileRef = 04E9FE0217CD29A500D77E83 /* podcast_icon.png */; };
		04E9FE0517CD29A500D77E83 /* podcast_icon@2x.png in Resources */ = {isa = PBXBuildFile; fileRef = 04E9FE0317CD29A500D77E83 /* podcast_icon@2x.png */; };
		04F5F1EA175DB74600ED363B /* DateUtils.m in Sources */ = {isa = PBXBuildFile; fileRef = 04F5F1E9175DB74600ED363B /* DateUtils.m */; };
/* End PBXBuildFile section */

/* Begin PBXContainerItemProxy section */
		043B5473169313A500B71F3A /* PBXContainerItemProxy */ = {
			isa = PBXContainerItemProxy;
			containerPortal = 043B5430169313A500B71F3A /* Project object */;
			proxyType = 1;
			remoteGlobalIDString = 043B5438169313A500B71F3A;
			remoteInfo = Slashat;
		};
/* End PBXContainerItemProxy section */

/* Begin PBXFileReference section */
		042ECD451693537C00C77193 /* first.png */ = {isa = PBXFileReference; lastKnownFileType = image.png; path = first.png; sourceTree = "<group>"; };
		042ECD461693537C00C77193 /* first@2x.png */ = {isa = PBXFileReference; lastKnownFileType = image.png; path = "first@2x.png"; sourceTree = "<group>"; };
		042ECD471693537C00C77193 /* logo.png */ = {isa = PBXFileReference; lastKnownFileType = image.png; path = logo.png; sourceTree = "<group>"; };
		042ECD481693537C00C77193 /* logo@2x.png */ = {isa = PBXFileReference; lastKnownFileType = image.png; path = "logo@2x.png"; sourceTree = "<group>"; };
		042ECD491693537C00C77193 /* second.png */ = {isa = PBXFileReference; lastKnownFileType = image.png; path = second.png; sourceTree = "<group>"; };
		042ECD4A1693537C00C77193 /* second@2x.png */ = {isa = PBXFileReference; lastKnownFileType = image.png; path = "second@2x.png"; sourceTree = "<group>"; };
		042ECD62169614C200C77193 /* SlashatArchiveTableViewController.h */ = {isa = PBXFileReference; fileEncoding = 4; lastKnownFileType = sourcecode.c.h; path = SlashatArchiveTableViewController.h; sourceTree = "<group>"; };
		042ECD63169614C200C77193 /* SlashatArchiveTableViewController.m */ = {isa = PBXFileReference; fileEncoding = 4; lastKnownFileType = sourcecode.c.objc; path = SlashatArchiveTableViewController.m; sourceTree = "<group>"; };
		042ECD68169616C400C77193 /* SlashatAboutTableViewController.h */ = {isa = PBXFileReference; fileEncoding = 4; lastKnownFileType = sourcecode.c.h; path = SlashatAboutTableViewController.h; sourceTree = "<group>"; };
		042ECD69169616C400C77193 /* SlashatAboutTableViewController.m */ = {isa = PBXFileReference; fileEncoding = 4; lastKnownFileType = sourcecode.c.objc; path = SlashatAboutTableViewController.m; sourceTree = "<group>"; };
		042ECD6B1696177D00C77193 /* SlashatAboutHostProfileViewController.h */ = {isa = PBXFileReference; fileEncoding = 4; lastKnownFileType = sourcecode.c.h; path = SlashatAboutHostProfileViewController.h; sourceTree = "<group>"; };
		042ECD6C1696177D00C77193 /* SlashatAboutHostProfileViewController.m */ = {isa = PBXFileReference; fileEncoding = 4; lastKnownFileType = sourcecode.c.objc; path = SlashatAboutHostProfileViewController.m; sourceTree = "<group>"; };
		042ECD6E16961A1400C77193 /* SlashatLiveViewController.h */ = {isa = PBXFileReference; fileEncoding = 4; lastKnownFileType = sourcecode.c.h; path = SlashatLiveViewController.h; sourceTree = "<group>"; };
		042ECD6F16961A1400C77193 /* SlashatLiveViewController.m */ = {isa = PBXFileReference; fileEncoding = 4; lastKnownFileType = sourcecode.c.objc; path = SlashatLiveViewController.m; sourceTree = "<group>"; };
		043255141702255200639F82 /* SlashatCountdownViewController.h */ = {isa = PBXFileReference; fileEncoding = 4; lastKnownFileType = sourcecode.c.h; path = SlashatCountdownViewController.h; sourceTree = "<group>"; };
		043255151702255200639F82 /* SlashatCountdownViewController.m */ = {isa = PBXFileReference; fileEncoding = 4; lastKnownFileType = sourcecode.c.objc; path = SlashatCountdownViewController.m; sourceTree = "<group>"; };
		043B5439169313A500B71F3A /* Slashat.app */ = {isa = PBXFileReference; explicitFileType = wrapper.application; includeInIndex = 0; path = Slashat.app; sourceTree = BUILT_PRODUCTS_DIR; };
		043B543D169313A500B71F3A /* UIKit.framework */ = {isa = PBXFileReference; lastKnownFileType = wrapper.framework; name = UIKit.framework; path = System/Library/Frameworks/UIKit.framework; sourceTree = SDKROOT; };
		043B543F169313A500B71F3A /* Foundation.framework */ = {isa = PBXFileReference; lastKnownFileType = wrapper.framework; name = Foundation.framework; path = System/Library/Frameworks/Foundation.framework; sourceTree = SDKROOT; };
		043B5441169313A500B71F3A /* CoreGraphics.framework */ = {isa = PBXFileReference; lastKnownFileType = wrapper.framework; name = CoreGraphics.framework; path = System/Library/Frameworks/CoreGraphics.framework; sourceTree = SDKROOT; };
		043B5445169313A500B71F3A /* Slashat-Info.plist */ = {isa = PBXFileReference; lastKnownFileType = text.plist.xml; path = "Slashat-Info.plist"; sourceTree = "<group>"; };
		043B5447169313A500B71F3A /* en */ = {isa = PBXFileReference; lastKnownFileType = text.plist.strings; name = en; path = en.lproj/InfoPlist.strings; sourceTree = "<group>"; };
		043B5449169313A500B71F3A /* main.m */ = {isa = PBXFileReference; lastKnownFileType = sourcecode.c.objc; path = main.m; sourceTree = "<group>"; };
		043B544B169313A500B71F3A /* Slashat-Prefix.pch */ = {isa = PBXFileReference; lastKnownFileType = sourcecode.c.h; path = "Slashat-Prefix.pch"; sourceTree = "<group>"; };
		043B544C169313A500B71F3A /* AppDelegate.h */ = {isa = PBXFileReference; lastKnownFileType = sourcecode.c.h; path = AppDelegate.h; sourceTree = "<group>"; };
		043B544D169313A500B71F3A /* AppDelegate.m */ = {isa = PBXFileReference; lastKnownFileType = sourcecode.c.objc; path = AppDelegate.m; sourceTree = "<group>"; };
		043B544F169313A500B71F3A /* Default.png */ = {isa = PBXFileReference; lastKnownFileType = image.png; path = Default.png; sourceTree = "<group>"; };
		043B5451169313A500B71F3A /* Default@2x.png */ = {isa = PBXFileReference; lastKnownFileType = image.png; path = "Default@2x.png"; sourceTree = "<group>"; };
		043B5453169313A500B71F3A /* Default-568h@2x.png */ = {isa = PBXFileReference; lastKnownFileType = image.png; path = "Default-568h@2x.png"; sourceTree = "<group>"; };
		043B5456169313A500B71F3A /* en */ = {isa = PBXFileReference; lastKnownFileType = file.storyboard; name = en; path = en.lproj/MainStoryboard_iPhone.storyboard; sourceTree = "<group>"; };
		043B5459169313A500B71F3A /* en */ = {isa = PBXFileReference; lastKnownFileType = file.storyboard; name = en; path = en.lproj/MainStoryboard_iPad.storyboard; sourceTree = "<group>"; };
		043B546E169313A500B71F3A /* SlashatTests.octest */ = {isa = PBXFileReference; explicitFileType = wrapper.cfbundle; includeInIndex = 0; path = SlashatTests.octest; sourceTree = BUILT_PRODUCTS_DIR; };
		043B546F169313A500B71F3A /* SenTestingKit.framework */ = {isa = PBXFileReference; lastKnownFileType = wrapper.framework; name = SenTestingKit.framework; path = Library/Frameworks/SenTestingKit.framework; sourceTree = DEVELOPER_DIR; };
		043B5477169313A500B71F3A /* SlashatTests-Info.plist */ = {isa = PBXFileReference; lastKnownFileType = text.plist.xml; path = "SlashatTests-Info.plist"; sourceTree = "<group>"; };
		043B5479169313A500B71F3A /* en */ = {isa = PBXFileReference; lastKnownFileType = text.plist.strings; name = en; path = en.lproj/InfoPlist.strings; sourceTree = "<group>"; };
		043B547B169313A500B71F3A /* SlashatTests.h */ = {isa = PBXFileReference; lastKnownFileType = sourcecode.c.h; path = SlashatTests.h; sourceTree = "<group>"; };
		043B547C169313A500B71F3A /* SlashatTests.m */ = {isa = PBXFileReference; lastKnownFileType = sourcecode.c.objc; path = SlashatTests.m; sourceTree = "<group>"; };
		0444667017CE68A4007E9707 /* SlashatApplication.h */ = {isa = PBXFileReference; fileEncoding = 4; lastKnownFileType = sourcecode.c.h; path = SlashatApplication.h; sourceTree = "<group>"; };
		0444667117CE68A4007E9707 /* SlashatApplication.m */ = {isa = PBXFileReference; fileEncoding = 4; lastKnownFileType = sourcecode.c.objc; path = SlashatApplication.m; sourceTree = "<group>"; };
		044730561698623F00C74E01 /* RSSParser.h */ = {isa = PBXFileReference; fileEncoding = 4; lastKnownFileType = sourcecode.c.h; path = RSSParser.h; sourceTree = "<group>"; };
		044730571698623F00C74E01 /* RSSParser.m */ = {isa = PBXFileReference; fileEncoding = 4; lastKnownFileType = sourcecode.c.objc; path = RSSParser.m; sourceTree = "<group>"; };
		0447305B16987BB100C74E01 /* SlashatArchiveEpisodeViewController.h */ = {isa = PBXFileReference; fileEncoding = 4; lastKnownFileType = sourcecode.c.h; path = SlashatArchiveEpisodeViewController.h; sourceTree = "<group>"; };
		0447305C16987BB100C74E01 /* SlashatArchiveEpisodeViewController.m */ = {isa = PBXFileReference; fileEncoding = 4; lastKnownFileType = sourcecode.c.objc; path = SlashatArchiveEpisodeViewController.m; sourceTree = "<group>"; };
		0452943316985951001F0504 /* AFHTTPClient.h */ = {isa = PBXFileReference; fileEncoding = 4; lastKnownFileType = sourcecode.c.h; path = AFHTTPClient.h; sourceTree = "<group>"; };
		0452943416985951001F0504 /* AFHTTPClient.m */ = {isa = PBXFileReference; fileEncoding = 4; lastKnownFileType = sourcecode.c.objc; path = AFHTTPClient.m; sourceTree = "<group>"; };
		0452943516985951001F0504 /* AFHTTPRequestOperation.h */ = {isa = PBXFileReference; fileEncoding = 4; lastKnownFileType = sourcecode.c.h; path = AFHTTPRequestOperation.h; sourceTree = "<group>"; };
		0452943616985951001F0504 /* AFHTTPRequestOperation.m */ = {isa = PBXFileReference; fileEncoding = 4; lastKnownFileType = sourcecode.c.objc; path = AFHTTPRequestOperation.m; sourceTree = "<group>"; };
		0452943716985951001F0504 /* AFImageRequestOperation.h */ = {isa = PBXFileReference; fileEncoding = 4; lastKnownFileType = sourcecode.c.h; path = AFImageRequestOperation.h; sourceTree = "<group>"; };
		0452943816985951001F0504 /* AFImageRequestOperation.m */ = {isa = PBXFileReference; fileEncoding = 4; lastKnownFileType = sourcecode.c.objc; path = AFImageRequestOperation.m; sourceTree = "<group>"; };
		0452943916985951001F0504 /* AFJSONRequestOperation.h */ = {isa = PBXFileReference; fileEncoding = 4; lastKnownFileType = sourcecode.c.h; path = AFJSONRequestOperation.h; sourceTree = "<group>"; };
		0452943A16985951001F0504 /* AFJSONRequestOperation.m */ = {isa = PBXFileReference; fileEncoding = 4; lastKnownFileType = sourcecode.c.objc; path = AFJSONRequestOperation.m; sourceTree = "<group>"; };
		0452943B16985951001F0504 /* AFNetworkActivityIndicatorManager.h */ = {isa = PBXFileReference; fileEncoding = 4; lastKnownFileType = sourcecode.c.h; path = AFNetworkActivityIndicatorManager.h; sourceTree = "<group>"; };
		0452943C16985951001F0504 /* AFNetworkActivityIndicatorManager.m */ = {isa = PBXFileReference; fileEncoding = 4; lastKnownFileType = sourcecode.c.objc; path = AFNetworkActivityIndicatorManager.m; sourceTree = "<group>"; };
		0452943D16985951001F0504 /* AFNetworking.h */ = {isa = PBXFileReference; fileEncoding = 4; lastKnownFileType = sourcecode.c.h; path = AFNetworking.h; sourceTree = "<group>"; };
		0452943E16985951001F0504 /* AFPropertyListRequestOperation.h */ = {isa = PBXFileReference; fileEncoding = 4; lastKnownFileType = sourcecode.c.h; path = AFPropertyListRequestOperation.h; sourceTree = "<group>"; };
		0452943F16985951001F0504 /* AFPropertyListRequestOperation.m */ = {isa = PBXFileReference; fileEncoding = 4; lastKnownFileType = sourcecode.c.objc; path = AFPropertyListRequestOperation.m; sourceTree = "<group>"; };
		0452944016985951001F0504 /* AFURLConnectionOperation.h */ = {isa = PBXFileReference; fileEncoding = 4; lastKnownFileType = sourcecode.c.h; path = AFURLConnectionOperation.h; sourceTree = "<group>"; };
		0452944116985951001F0504 /* AFURLConnectionOperation.m */ = {isa = PBXFileReference; fileEncoding = 4; lastKnownFileType = sourcecode.c.objc; path = AFURLConnectionOperation.m; sourceTree = "<group>"; };
		0452944216985951001F0504 /* AFXMLRequestOperation.h */ = {isa = PBXFileReference; fileEncoding = 4; lastKnownFileType = sourcecode.c.h; path = AFXMLRequestOperation.h; sourceTree = "<group>"; };
		0452944316985951001F0504 /* AFXMLRequestOperation.m */ = {isa = PBXFileReference; fileEncoding = 4; lastKnownFileType = sourcecode.c.objc; path = AFXMLRequestOperation.m; sourceTree = "<group>"; };
		0452944416985951001F0504 /* UIImageView+AFNetworking.h */ = {isa = PBXFileReference; fileEncoding = 4; lastKnownFileType = sourcecode.c.h; path = "UIImageView+AFNetworking.h"; sourceTree = "<group>"; };
		0452944516985951001F0504 /* UIImageView+AFNetworking.m */ = {isa = PBXFileReference; fileEncoding = 4; lastKnownFileType = sourcecode.c.objc; path = "UIImageView+AFNetworking.m"; sourceTree = "<group>"; };
		0456B94C17CFAE0100826CEB /* MenuViewController.h */ = {isa = PBXFileReference; fileEncoding = 4; lastKnownFileType = sourcecode.c.h; path = MenuViewController.h; sourceTree = "<group>"; };
		0456B94D17CFAE0100826CEB /* MenuViewController.m */ = {isa = PBXFileReference; fileEncoding = 4; lastKnownFileType = sourcecode.c.objc; path = MenuViewController.m; sourceTree = "<group>"; };
		0456B94E17CFAE0100826CEB /* RootViewController.h */ = {isa = PBXFileReference; fileEncoding = 4; lastKnownFileType = sourcecode.c.h; path = RootViewController.h; sourceTree = "<group>"; };
		0456B94F17CFAE0100826CEB /* RootViewController.m */ = {isa = PBXFileReference; fileEncoding = 4; lastKnownFileType = sourcecode.c.objc; path = RootViewController.m; sourceTree = "<group>"; };
		0456B95017CFAE0100826CEB /* StackScrollViewController.h */ = {isa = PBXFileReference; fileEncoding = 4; lastKnownFileType = sourcecode.c.h; path = StackScrollViewController.h; sourceTree = "<group>"; };
		0456B95117CFAE0100826CEB /* StackScrollViewController.m */ = {isa = PBXFileReference; fileEncoding = 4; lastKnownFileType = sourcecode.c.objc; path = StackScrollViewController.m; sourceTree = "<group>"; };
		0456B95517CFAE7700826CEB /* DataViewController.h */ = {isa = PBXFileReference; fileEncoding = 4; lastKnownFileType = sourcecode.c.h; path = DataViewController.h; sourceTree = "<group>"; };
		0456B95617CFAE7700826CEB /* DataViewController.m */ = {isa = PBXFileReference; fileEncoding = 4; lastKnownFileType = sourcecode.c.objc; path = DataViewController.m; sourceTree = "<group>"; };
		0456B95917CFAE7800826CEB /* UIViewWithShadow.h */ = {isa = PBXFileReference; fileEncoding = 4; lastKnownFileType = sourcecode.c.h; path = UIViewWithShadow.h; sourceTree = "<group>"; };
		0456B95A17CFAE7800826CEB /* UIViewWithShadow.m */ = {isa = PBXFileReference; fileEncoding = 4; lastKnownFileType = sourcecode.c.objc; path = UIViewWithShadow.m; sourceTree = "<group>"; };
		0456B95E17D1E97900826CEB /* SlashatAPIManager.h */ = {isa = PBXFileReference; fileEncoding = 4; lastKnownFileType = sourcecode.c.h; path = SlashatAPIManager.h; sourceTree = "<group>"; };
		0456B95F17D1E97900826CEB /* SlashatAPIManager.m */ = {isa = PBXFileReference; fileEncoding = 4; lastKnownFileType = sourcecode.c.objc; path = SlashatAPIManager.m; sourceTree = "<group>"; };
		0456B96117D1F1F600826CEB /* SlashatArchiveViewController~iPad.h */ = {isa = PBXFileReference; fileEncoding = 4; lastKnownFileType = sourcecode.c.h; path = "SlashatArchiveViewController~iPad.h"; sourceTree = "<group>"; };
		0456B96217D1F1F600826CEB /* SlashatArchiveViewController~iPad.m */ = {isa = PBXFileReference; fileEncoding = 4; lastKnownFileType = sourcecode.c.objc; path = "SlashatArchiveViewController~iPad.m"; sourceTree = "<group>"; };
		0456B96417D1F59100826CEB /* SlashatArchiveEpisodeViewController~iPad.h */ = {isa = PBXFileReference; fileEncoding = 4; lastKnownFileType = sourcecode.c.h; path = "SlashatArchiveEpisodeViewController~iPad.h"; sourceTree = "<group>"; };
		0456B96517D1F59100826CEB /* SlashatArchiveEpisodeViewController~iPad.m */ = {isa = PBXFileReference; fileEncoding = 4; lastKnownFileType = sourcecode.c.objc; path = "SlashatArchiveEpisodeViewController~iPad.m"; sourceTree = "<group>"; };
		0456B98017D32B0800826CEB /* SlashatLiveViewController~iPad.h */ = {isa = PBXFileReference; fileEncoding = 4; lastKnownFileType = sourcecode.c.h; path = "SlashatLiveViewController~iPad.h"; sourceTree = "<group>"; };
		0456B98117D32B0900826CEB /* SlashatLiveViewController~iPad.m */ = {isa = PBXFileReference; fileEncoding = 4; lastKnownFileType = sourcecode.c.objc; path = "SlashatLiveViewController~iPad.m"; sourceTree = "<group>"; };
		0456B98317D3386D00826CEB /* CountdownView~iPad.xib */ = {isa = PBXFileReference; fileEncoding = 4; lastKnownFileType = file.xib; path = "CountdownView~iPad.xib"; sourceTree = "<group>"; };
		0456B98517D341A900826CEB /* logo_neg.png */ = {isa = PBXFileReference; lastKnownFileType = image.png; path = logo_neg.png; sourceTree = "<group>"; };
		0456B98617D341A900826CEB /* logo_neg@2x.png */ = {isa = PBXFileReference; lastKnownFileType = image.png; path = "logo_neg@2x.png"; sourceTree = "<group>"; };
		04596A1F17199E450094C499 /* QuartzCore.framework */ = {isa = PBXFileReference; lastKnownFileType = wrapper.framework; name = QuartzCore.framework; path = System/Library/Frameworks/QuartzCore.framework; sourceTree = SDKROOT; };
		04599EEA17AA5550004C5B33 /* femalecodertocat@2x.png */ = {isa = PBXFileReference; lastKnownFileType = image.png; path = "femalecodertocat@2x.png"; sourceTree = "<group>"; };
		046D60DD16BD0E0C0088678E /* APIKey.h */ = {isa = PBXFileReference; fileEncoding = 4; lastKnownFileType = sourcecode.c.h; path = APIKey.h; sourceTree = "<group>"; };
		046D60DE16BD12D80088678E /* SlashatLiveVideoViewController.h */ = {isa = PBXFileReference; fileEncoding = 4; lastKnownFileType = sourcecode.c.h; path = SlashatLiveVideoViewController.h; sourceTree = "<group>"; };
		046D60DF16BD12D80088678E /* SlashatLiveVideoViewController.m */ = {isa = PBXFileReference; fileEncoding = 4; lastKnownFileType = sourcecode.c.objc; path = SlashatLiveVideoViewController.m; sourceTree = "<group>"; };
		046DEAA817820AC5004A3A88 /* Slashat_about@2x.png */ = {isa = PBXFileReference; lastKnownFileType = image.png; path = "Slashat_about@2x.png"; sourceTree = "<group>"; };
		046DEAA917820AC5004A3A88 /* Slashat_archive@2x.png */ = {isa = PBXFileReference; lastKnownFileType = image.png; path = "Slashat_archive@2x.png"; sourceTree = "<group>"; };
		046DEAAC17820CAC004A3A88 /* Slashat_archive.png */ = {isa = PBXFileReference; lastKnownFileType = image.png; path = Slashat_archive.png; sourceTree = "<group>"; };
		046DEAAD17820CAC004A3A88 /* Slashat_about.png */ = {isa = PBXFileReference; lastKnownFileType = image.png; path = Slashat_about.png; sourceTree = "<group>"; };
		046DEAB1178214ED004A3A88 /* About_active.png */ = {isa = PBXFileReference; lastKnownFileType = image.png; path = About_active.png; sourceTree = "<group>"; };
		046DEAB2178214ED004A3A88 /* About_active@2x.png */ = {isa = PBXFileReference; lastKnownFileType = image.png; path = "About_active@2x.png"; sourceTree = "<group>"; };
		046DEAB3178214ED004A3A88 /* About_passive.png */ = {isa = PBXFileReference; lastKnownFileType = image.png; path = About_passive.png; sourceTree = "<group>"; };
		046DEAB4178214ED004A3A88 /* About_passive@2x.png */ = {isa = PBXFileReference; lastKnownFileType = image.png; path = "About_passive@2x.png"; sourceTree = "<group>"; };
		046DEAB5178214ED004A3A88 /* Archive_active.png */ = {isa = PBXFileReference; lastKnownFileType = image.png; path = Archive_active.png; sourceTree = "<group>"; };
		046DEAB6178214ED004A3A88 /* Archive_active@2x.png */ = {isa = PBXFileReference; lastKnownFileType = image.png; path = "Archive_active@2x.png"; sourceTree = "<group>"; };
		046DEAB7178214ED004A3A88 /* Archive_passive.png */ = {isa = PBXFileReference; lastKnownFileType = image.png; path = Archive_passive.png; sourceTree = "<group>"; };
		046DEAB8178214ED004A3A88 /* Archive_passive@2x.png */ = {isa = PBXFileReference; lastKnownFileType = image.png; path = "Archive_passive@2x.png"; sourceTree = "<group>"; };
		046DEAB9178214ED004A3A88 /* Live_active.png */ = {isa = PBXFileReference; lastKnownFileType = image.png; path = Live_active.png; sourceTree = "<group>"; };
		046DEABA178214ED004A3A88 /* Live_active@2x.png */ = {isa = PBXFileReference; lastKnownFileType = image.png; path = "Live_active@2x.png"; sourceTree = "<group>"; };
		046DEABB178214ED004A3A88 /* Live_passive.png */ = {isa = PBXFileReference; lastKnownFileType = image.png; path = Live_passive.png; sourceTree = "<group>"; };
		046DEABC178214ED004A3A88 /* Live_passive@2x.png */ = {isa = PBXFileReference; lastKnownFileType = image.png; path = "Live_passive@2x.png"; sourceTree = "<group>"; };
		046EF2F31763292B00005B82 /* Social.framework */ = {isa = PBXFileReference; lastKnownFileType = wrapper.framework; name = Social.framework; path = System/Library/Frameworks/Social.framework; sourceTree = SDKROOT; };
		04789286177A21AD0091B0AD /* Slashat-hosts.plist */ = {isa = PBXFileReference; fileEncoding = 4; lastKnownFileType = text.plist.xml; path = "Slashat-hosts.plist"; sourceTree = "<group>"; };
		0478928E177A30050091B0AD /* SlashatHost.h */ = {isa = PBXFileReference; fileEncoding = 4; lastKnownFileType = sourcecode.c.h; path = SlashatHost.h; sourceTree = "<group>"; };
		0478928F177A30050091B0AD /* SlashatHost.m */ = {isa = PBXFileReference; fileEncoding = 4; lastKnownFileType = sourcecode.c.objc; path = SlashatHost.m; sourceTree = "<group>"; };
		04789292177EEEFE0091B0AD /* snyggjeppe@2x.jpg */ = {isa = PBXFileReference; lastKnownFileType = image.jpeg; path = "snyggjeppe@2x.jpg"; sourceTree = "<group>"; };
		04789293177EEEFE0091B0AD /* snyggmagnus@2x.jpg */ = {isa = PBXFileReference; lastKnownFileType = image.jpeg; path = "snyggmagnus@2x.jpg"; sourceTree = "<group>"; };
		04789296177EF0EF0091B0AD /* snyggjohan@2x.jpg */ = {isa = PBXFileReference; lastKnownFileType = image.jpeg; path = "snyggjohan@2x.jpg"; sourceTree = "<group>"; };
		0478929A177EF2DE0091B0AD /* snyggtommie@2x.jpg */ = {isa = PBXFileReference; lastKnownFileType = image.jpeg; path = "snyggtommie@2x.jpg"; sourceTree = "<group>"; };
		0478929C177EFC6E0091B0AD /* nicklas@2x.png */ = {isa = PBXFileReference; lastKnownFileType = image.png; path = "nicklas@2x.png"; sourceTree = "<group>"; };
		0481815816A0A71000F60954 /* SlashatAudioHandler.h */ = {isa = PBXFileReference; fileEncoding = 4; lastKnownFileType = sourcecode.c.h; path = SlashatAudioHandler.h; sourceTree = "<group>"; };
		0481815916A0A71000F60954 /* SlashatAudioHandler.m */ = {isa = PBXFileReference; fileEncoding = 4; lastKnownFileType = sourcecode.c.objc; path = SlashatAudioHandler.m; sourceTree = "<group>"; };
		0481815C16A0BC4500F60954 /* SlashatEpisode.h */ = {isa = PBXFileReference; fileEncoding = 4; lastKnownFileType = sourcecode.c.h; path = SlashatEpisode.h; sourceTree = "<group>"; };
		0481815D16A0BC4500F60954 /* SlashatEpisode.m */ = {isa = PBXFileReference; fileEncoding = 4; lastKnownFileType = sourcecode.c.objc; path = SlashatEpisode.m; sourceTree = "<group>"; };
		0481816316A0D11900F60954 /* icon.png */ = {isa = PBXFileReference; lastKnownFileType = image.png; path = icon.png; sourceTree = "<group>"; };
		0481816416A0D11900F60954 /* icon@2x.png */ = {isa = PBXFileReference; lastKnownFileType = image.png; path = "icon@2x.png"; sourceTree = "<group>"; };
		0481816B16A314D900F60954 /* SlashatAudioControlViewController.h */ = {isa = PBXFileReference; fileEncoding = 4; lastKnownFileType = sourcecode.c.h; path = SlashatAudioControlViewController.h; sourceTree = "<group>"; };
		0481816C16A314D900F60954 /* SlashatAudioControlViewController.m */ = {isa = PBXFileReference; fileEncoding = 4; lastKnownFileType = sourcecode.c.objc; path = SlashatAudioControlViewController.m; sourceTree = "<group>"; };
		048EC31E173BA6890043E57D /* SystemConfiguration.framework */ = {isa = PBXFileReference; lastKnownFileType = wrapper.framework; name = SystemConfiguration.framework; path = System/Library/Frameworks/SystemConfiguration.framework; sourceTree = SDKROOT; };
		048EC320173BA6C10043E57D /* MobileCoreServices.framework */ = {isa = PBXFileReference; lastKnownFileType = wrapper.framework; name = MobileCoreServices.framework; path = System/Library/Frameworks/MobileCoreServices.framework; sourceTree = SDKROOT; };
		048EC322173BB0370043E57D /* ColorUtils.h */ = {isa = PBXFileReference; lastKnownFileType = sourcecode.c.h; name = ColorUtils.h; path = Utils/ColorUtils.h; sourceTree = "<group>"; };
		04940491169C96BE00871DB3 /* AVFoundation.framework */ = {isa = PBXFileReference; lastKnownFileType = wrapper.framework; name = AVFoundation.framework; path = System/Library/Frameworks/AVFoundation.framework; sourceTree = SDKROOT; };
		04940494169CA34600871DB3 /* AudioToolbox.framework */ = {isa = PBXFileReference; lastKnownFileType = wrapper.framework; name = AudioToolbox.framework; path = System/Library/Frameworks/AudioToolbox.framework; sourceTree = SDKROOT; };
		0494049D169CB27300871DB3 /* MediaPlayer.framework */ = {isa = PBXFileReference; lastKnownFileType = wrapper.framework; name = MediaPlayer.framework; path = System/Library/Frameworks/MediaPlayer.framework; sourceTree = SDKROOT; };
		04956B5017AA7FF200091C26 /* SlashatAudioControlsView~iphone.xib */ = {isa = PBXFileReference; fileEncoding = 4; lastKnownFileType = file.xib; path = "SlashatAudioControlsView~iphone.xib"; sourceTree = "<group>"; };
		04956B5217AA876200091C26 /* Slashat_pause.png */ = {isa = PBXFileReference; lastKnownFileType = image.png; path = Slashat_pause.png; sourceTree = "<group>"; };
		04956B5317AA876200091C26 /* Slashat_play.png */ = {isa = PBXFileReference; lastKnownFileType = image.png; path = Slashat_play.png; sourceTree = "<group>"; };
		04956B5417AA876200091C26 /* Slashat_pause@2x.png */ = {isa = PBXFileReference; lastKnownFileType = image.png; path = "Slashat_pause@2x.png"; sourceTree = "<group>"; };
		04956B5517AA876200091C26 /* Slashat_play@2x.png */ = {isa = PBXFileReference; lastKnownFileType = image.png; path = "Slashat_play@2x.png"; sourceTree = "<group>"; };
		04956B5A17B5690A00091C26 /* player_flap.png */ = {isa = PBXFileReference; lastKnownFileType = image.png; path = player_flap.png; sourceTree = "<group>"; };
		04956B5B17B5690A00091C26 /* player_flap@2x.png */ = {isa = PBXFileReference; lastKnownFileType = image.png; path = "player_flap@2x.png"; sourceTree = "<group>"; };
		04956B5E17B56A8400091C26 /* player_flap_icon.png */ = {isa = PBXFileReference; lastKnownFileType = image.png; path = player_flap_icon.png; sourceTree = "<group>"; };
		04956B5F17B56A8400091C26 /* player_flap_icon@2x.png */ = {isa = PBXFileReference; lastKnownFileType = image.png; path = "player_flap_icon@2x.png"; sourceTree = "<group>"; };
		04972487179FD2E4003685CD /* MessageUI.framework */ = {isa = PBXFileReference; lastKnownFileType = wrapper.framework; name = MessageUI.framework; path = System/Library/Frameworks/MessageUI.framework; sourceTree = SDKROOT; };
		04CA4C82179033A300428565 /* Slashat_mail.png */ = {isa = PBXFileReference; lastKnownFileType = image.png; path = Slashat_mail.png; sourceTree = "<group>"; };
		04CA4C83179033A300428565 /* Slashat_twitter.png */ = {isa = PBXFileReference; lastKnownFileType = image.png; path = Slashat_twitter.png; sourceTree = "<group>"; };
		04CA4C84179033A300428565 /* Slashat_webb.png */ = {isa = PBXFileReference; lastKnownFileType = image.png; path = Slashat_webb.png; sourceTree = "<group>"; };
		04CA4C85179033A300428565 /* Slashat_mail@2x.png */ = {isa = PBXFileReference; lastKnownFileType = image.png; path = "Slashat_mail@2x.png"; sourceTree = "<group>"; };
		04CA4C86179033A300428565 /* Slashat_twitter@2x.png */ = {isa = PBXFileReference; lastKnownFileType = image.png; path = "Slashat_twitter@2x.png"; sourceTree = "<group>"; };
		04CA4C87179033A300428565 /* Slashat_webb@2x.png */ = {isa = PBXFileReference; lastKnownFileType = image.png; path = "Slashat_webb@2x.png"; sourceTree = "<group>"; };
		04CA4C8E179036C000428565 /* Slashat_stream.png */ = {isa = PBXFileReference; lastKnownFileType = image.png; path = Slashat_stream.png; sourceTree = "<group>"; };
		04CA4C8F179036C100428565 /* Slashat_stream@2x.png */ = {isa = PBXFileReference; lastKnownFileType = image.png; path = "Slashat_stream@2x.png"; sourceTree = "<group>"; };
		04CA4C92179041DC00428565 /* Navigationbar.png */ = {isa = PBXFileReference; lastKnownFileType = image.png; path = Navigationbar.png; sourceTree = "<group>"; };
		04CA4C93179041DC00428565 /* Navigationbar@2x.png */ = {isa = PBXFileReference; lastKnownFileType = image.png; path = "Navigationbar@2x.png"; sourceTree = "<group>"; };
		04CA4C961790448200428565 /* Slashat_logo.png */ = {isa = PBXFileReference; lastKnownFileType = image.png; path = Slashat_logo.png; sourceTree = "<group>"; };
		04CA4C971790448300428565 /* Slashat_logo@2x.png */ = {isa = PBXFileReference; lastKnownFileType = image.png; path = "Slashat_logo@2x.png"; sourceTree = "<group>"; };
		04CA4C9A17941DE500428565 /* Slashat_fbshare.png */ = {isa = PBXFileReference; lastKnownFileType = image.png; path = Slashat_fbshare.png; sourceTree = "<group>"; };
		04CA4C9B17941DE500428565 /* Slashat_twittershare.png */ = {isa = PBXFileReference; lastKnownFileType = image.png; path = Slashat_twittershare.png; sourceTree = "<group>"; };
		04CA4C9C17941DE500428565 /* Slashat_twittershare@2x.png */ = {isa = PBXFileReference; lastKnownFileType = image.png; path = "Slashat_twittershare@2x.png"; sourceTree = "<group>"; };
		04CA4C9D17941DE500428565 /* Slashat_fbshare@2x.png */ = {isa = PBXFileReference; lastKnownFileType = image.png; path = "Slashat_fbshare@2x.png"; sourceTree = "<group>"; };
		04CEA8EB17D3552000C265B9 /* UIColor+Slashat.h */ = {isa = PBXFileReference; fileEncoding = 4; lastKnownFileType = sourcecode.c.h; path = "UIColor+Slashat.h"; sourceTree = "<group>"; };
		04CEA8EC17D3552000C265B9 /* UIColor+Slashat.m */ = {isa = PBXFileReference; fileEncoding = 4; lastKnownFileType = sourcecode.c.objc; path = "UIColor+Slashat.m"; sourceTree = "<group>"; };
		04CEA8EE17D359E900C265B9 /* SlashatEpisodeView~iPad.xib */ = {isa = PBXFileReference; fileEncoding = 4; lastKnownFileType = file.xib; path = "SlashatEpisodeView~iPad.xib"; sourceTree = "<group>"; };
		04E9FE0217CD29A500D77E83 /* podcast_icon.png */ = {isa = PBXFileReference; lastKnownFileType = image.png; path = podcast_icon.png; sourceTree = "<group>"; };
		04E9FE0317CD29A500D77E83 /* podcast_icon@2x.png */ = {isa = PBXFileReference; lastKnownFileType = image.png; path = "podcast_icon@2x.png"; sourceTree = "<group>"; };
		04F5F1E8175DB74600ED363B /* DateUtils.h */ = {isa = PBXFileReference; fileEncoding = 4; lastKnownFileType = sourcecode.c.h; name = DateUtils.h; path = Utils/DateUtils.h; sourceTree = "<group>"; };
		04F5F1E9175DB74600ED363B /* DateUtils.m */ = {isa = PBXFileReference; fileEncoding = 4; lastKnownFileType = sourcecode.c.objc; name = DateUtils.m; path = Utils/DateUtils.m; sourceTree = "<group>"; };
/* End PBXFileReference section */

/* Begin PBXFrameworksBuildPhase section */
		043B5436169313A500B71F3A /* Frameworks */ = {
			isa = PBXFrameworksBuildPhase;
			buildActionMask = 2147483647;
			files = (
				048EC321173BA6C10043E57D /* MobileCoreServices.framework in Frameworks */,
				048EC31F173BA6890043E57D /* SystemConfiguration.framework in Frameworks */,
				04972488179FD2E4003685CD /* MessageUI.framework in Frameworks */,
				046EF2F41763292B00005B82 /* Social.framework in Frameworks */,
				04596A2017199E450094C499 /* QuartzCore.framework in Frameworks */,
				0494049E169CB27300871DB3 /* MediaPlayer.framework in Frameworks */,
				04940495169CA34600871DB3 /* AudioToolbox.framework in Frameworks */,
				04940492169C96BE00871DB3 /* AVFoundation.framework in Frameworks */,
				043B543E169313A500B71F3A /* UIKit.framework in Frameworks */,
				043B5440169313A500B71F3A /* Foundation.framework in Frameworks */,
				043B5442169313A500B71F3A /* CoreGraphics.framework in Frameworks */,
			);
			runOnlyForDeploymentPostprocessing = 0;
		};
		043B546A169313A500B71F3A /* Frameworks */ = {
			isa = PBXFrameworksBuildPhase;
			buildActionMask = 2147483647;
			files = (
				043B5470169313A500B71F3A /* SenTestingKit.framework in Frameworks */,
				043B5471169313A500B71F3A /* UIKit.framework in Frameworks */,
				043B5472169313A500B71F3A /* Foundation.framework in Frameworks */,
			);
			runOnlyForDeploymentPostprocessing = 0;
		};
/* End PBXFrameworksBuildPhase section */

/* Begin PBXGroup section */
		042ECD441693537C00C77193 /* assets */ = {
			isa = PBXGroup;
			children = (
				0456B98517D341A900826CEB /* logo_neg.png */,
				0456B98617D341A900826CEB /* logo_neg@2x.png */,
				04E9FE0217CD29A500D77E83 /* podcast_icon.png */,
				04E9FE0317CD29A500D77E83 /* podcast_icon@2x.png */,
				04956B5E17B56A8400091C26 /* player_flap_icon.png */,
				04956B5F17B56A8400091C26 /* player_flap_icon@2x.png */,
				04956B5A17B5690A00091C26 /* player_flap.png */,
				04956B5B17B5690A00091C26 /* player_flap@2x.png */,
				04956B5217AA876200091C26 /* Slashat_pause.png */,
				04956B5317AA876200091C26 /* Slashat_play.png */,
				04956B5417AA876200091C26 /* Slashat_pause@2x.png */,
				04956B5517AA876200091C26 /* Slashat_play@2x.png */,
				04CA4C9A17941DE500428565 /* Slashat_fbshare.png */,
				04CA4C9B17941DE500428565 /* Slashat_twittershare.png */,
				04CA4C9C17941DE500428565 /* Slashat_twittershare@2x.png */,
				04CA4C9D17941DE500428565 /* Slashat_fbshare@2x.png */,
				04CA4C961790448200428565 /* Slashat_logo.png */,
				04CA4C971790448300428565 /* Slashat_logo@2x.png */,
				04CA4C92179041DC00428565 /* Navigationbar.png */,
				04CA4C93179041DC00428565 /* Navigationbar@2x.png */,
				04CA4C8E179036C000428565 /* Slashat_stream.png */,
				04CA4C8F179036C100428565 /* Slashat_stream@2x.png */,
				04CA4C82179033A300428565 /* Slashat_mail.png */,
				04CA4C83179033A300428565 /* Slashat_twitter.png */,
				04CA4C84179033A300428565 /* Slashat_webb.png */,
				04CA4C85179033A300428565 /* Slashat_mail@2x.png */,
				04CA4C86179033A300428565 /* Slashat_twitter@2x.png */,
				04CA4C87179033A300428565 /* Slashat_webb@2x.png */,
				046DEAB0178214ED004A3A88 /* tab-bar */,
				046DEAAC17820CAC004A3A88 /* Slashat_archive.png */,
				046DEAAD17820CAC004A3A88 /* Slashat_about.png */,
				046DEAA817820AC5004A3A88 /* Slashat_about@2x.png */,
				046DEAA917820AC5004A3A88 /* Slashat_archive@2x.png */,
				04789291177EEEFE0091B0AD /* hosts */,
				0481816316A0D11900F60954 /* icon.png */,
				0481816416A0D11900F60954 /* icon@2x.png */,
				042ECD451693537C00C77193 /* first.png */,
				042ECD461693537C00C77193 /* first@2x.png */,
				042ECD471693537C00C77193 /* logo.png */,
				042ECD481693537C00C77193 /* logo@2x.png */,
				042ECD491693537C00C77193 /* second.png */,
				042ECD4A1693537C00C77193 /* second@2x.png */,
				0456B98317D3386D00826CEB /* CountdownView~iPad.xib */,
				04CEA8EE17D359E900C265B9 /* SlashatEpisodeView~iPad.xib */,
			);
			path = assets;
			sourceTree = "<group>";
		};
		042ECD521693538600C77193 /* ViewControllers_iPhone */ = {
			isa = PBXGroup;
			children = (
				042ECD6E16961A1400C77193 /* SlashatLiveViewController.h */,
				042ECD6F16961A1400C77193 /* SlashatLiveViewController.m */,
				042ECD62169614C200C77193 /* SlashatArchiveTableViewController.h */,
				042ECD63169614C200C77193 /* SlashatArchiveTableViewController.m */,
				0447305B16987BB100C74E01 /* SlashatArchiveEpisodeViewController.h */,
				0447305C16987BB100C74E01 /* SlashatArchiveEpisodeViewController.m */,
				042ECD68169616C400C77193 /* SlashatAboutTableViewController.h */,
				042ECD69169616C400C77193 /* SlashatAboutTableViewController.m */,
				042ECD6B1696177D00C77193 /* SlashatAboutHostProfileViewController.h */,
				042ECD6C1696177D00C77193 /* SlashatAboutHostProfileViewController.m */,
				0481816B16A314D900F60954 /* SlashatAudioControlViewController.h */,
				0481816C16A314D900F60954 /* SlashatAudioControlViewController.m */,
				046D60DE16BD12D80088678E /* SlashatLiveVideoViewController.h */,
				046D60DF16BD12D80088678E /* SlashatLiveVideoViewController.m */,
				043255141702255200639F82 /* SlashatCountdownViewController.h */,
				043255151702255200639F82 /* SlashatCountdownViewController.m */,
			);
			name = ViewControllers_iPhone;
			path = controllers;
			sourceTree = "<group>";
		};
		042ECD531693538600C77193 /* models */ = {
			isa = PBXGroup;
			children = (
				0481815816A0A71000F60954 /* SlashatAudioHandler.h */,
				0481815916A0A71000F60954 /* SlashatAudioHandler.m */,
				0481815C16A0BC4500F60954 /* SlashatEpisode.h */,
				0481815D16A0BC4500F60954 /* SlashatEpisode.m */,
				0478928E177A30050091B0AD /* SlashatHost.h */,
				0478928F177A30050091B0AD /* SlashatHost.m */,
			);
			path = models;
			sourceTree = "<group>";
		};
		042ECD541693538600C77193 /* views */ = {
			isa = PBXGroup;
			children = (
			);
			path = views;
			sourceTree = "<group>";
		};
		043B542E169313A500B71F3A = {
			isa = PBXGroup;
			children = (
				04789285177A21AD0091B0AD /* Data */,
				043B5443169313A500B71F3A /* Slashat */,
				043B5475169313A500B71F3A /* SlashatTests */,
				043B543C169313A500B71F3A /* Frameworks */,
				043B543A169313A500B71F3A /* Products */,
			);
			sourceTree = "<group>";
		};
		043B543A169313A500B71F3A /* Products */ = {
			isa = PBXGroup;
			children = (
				043B5439169313A500B71F3A /* Slashat.app */,
				043B546E169313A500B71F3A /* SlashatTests.octest */,
			);
			name = Products;
			sourceTree = "<group>";
		};
		043B543C169313A500B71F3A /* Frameworks */ = {
			isa = PBXGroup;
			children = (
				04972487179FD2E4003685CD /* MessageUI.framework */,
				046EF2F31763292B00005B82 /* Social.framework */,
				048EC320173BA6C10043E57D /* MobileCoreServices.framework */,
				048EC31E173BA6890043E57D /* SystemConfiguration.framework */,
				04596A1F17199E450094C499 /* QuartzCore.framework */,
				0494049D169CB27300871DB3 /* MediaPlayer.framework */,
				04940494169CA34600871DB3 /* AudioToolbox.framework */,
				04940491169C96BE00871DB3 /* AVFoundation.framework */,
				043B543D169313A500B71F3A /* UIKit.framework */,
				043B543F169313A500B71F3A /* Foundation.framework */,
				043B5441169313A500B71F3A /* CoreGraphics.framework */,
				043B546F169313A500B71F3A /* SenTestingKit.framework */,
			);
			name = Frameworks;
			sourceTree = "<group>";
		};
		043B5443169313A500B71F3A /* Slashat */ = {
			isa = PBXGroup;
			children = (
				04CEA8EA17D3550200C265B9 /* Categories */,
				046D60DD16BD0E0C0088678E /* APIKey.h */,
				043B544C169313A500B71F3A /* AppDelegate.h */,
				043B544D169313A500B71F3A /* AppDelegate.m */,
				042ECD441693537C00C77193 /* assets */,
				0452943116985933001F0504 /* externalFrameworks */,
				043B5458169313A500B71F3A /* MainStoryboard_iPad.storyboard */,
				043B5455169313A500B71F3A /* MainStoryboard_iPhone.storyboard */,
				042ECD531693538600C77193 /* models */,
				0456B95E17D1E97900826CEB /* SlashatAPIManager.h */,
				0456B95F17D1E97900826CEB /* SlashatAPIManager.m */,
				0444667017CE68A4007E9707 /* SlashatApplication.h */,
				0444667117CE68A4007E9707 /* SlashatApplication.m */,
				04956B5017AA7FF200091C26 /* SlashatAudioControlsView~iphone.xib */,
				043B5444169313A500B71F3A /* Supporting Files */,
				048EC323173BB1D50043E57D /* Utils */,
				0456B94B17CFAE0100826CEB /* ViewControllers_iPad */,
				042ECD521693538600C77193 /* ViewControllers_iPhone */,
				042ECD541693538600C77193 /* views */,
			);
			path = Slashat;
			sourceTree = "<group>";
		};
		043B5444169313A500B71F3A /* Supporting Files */ = {
			isa = PBXGroup;
			children = (
				043B5445169313A500B71F3A /* Slashat-Info.plist */,
				043B5446169313A500B71F3A /* InfoPlist.strings */,
				043B5449169313A500B71F3A /* main.m */,
				043B544B169313A500B71F3A /* Slashat-Prefix.pch */,
				043B544F169313A500B71F3A /* Default.png */,
				043B5451169313A500B71F3A /* Default@2x.png */,
				043B5453169313A500B71F3A /* Default-568h@2x.png */,
			);
			name = "Supporting Files";
			sourceTree = "<group>";
		};
		043B5475169313A500B71F3A /* SlashatTests */ = {
			isa = PBXGroup;
			children = (
				043B547B169313A500B71F3A /* SlashatTests.h */,
				043B547C169313A500B71F3A /* SlashatTests.m */,
				043B5476169313A500B71F3A /* Supporting Files */,
			);
			path = SlashatTests;
			sourceTree = "<group>";
		};
		043B5476169313A500B71F3A /* Supporting Files */ = {
			isa = PBXGroup;
			children = (
				043B5477169313A500B71F3A /* SlashatTests-Info.plist */,
				043B5478169313A500B71F3A /* InfoPlist.strings */,
			);
			name = "Supporting Files";
			sourceTree = "<group>";
		};
		044730531698623F00C74E01 /* RSSParser */ = {
			isa = PBXGroup;
			children = (
				044730561698623F00C74E01 /* RSSParser.h */,
				044730571698623F00C74E01 /* RSSParser.m */,
			);
			path = RSSParser;
			sourceTree = "<group>";
		};
		0452943116985933001F0504 /* externalFrameworks */ = {
			isa = PBXGroup;
			children = (
				044730531698623F00C74E01 /* RSSParser */,
				0452943216985951001F0504 /* AFNetworking */,
			);
			path = externalFrameworks;
			sourceTree = "<group>";
		};
		0452943216985951001F0504 /* AFNetworking */ = {
			isa = PBXGroup;
			children = (
				0452943316985951001F0504 /* AFHTTPClient.h */,
				0452943416985951001F0504 /* AFHTTPClient.m */,
				0452943516985951001F0504 /* AFHTTPRequestOperation.h */,
				0452943616985951001F0504 /* AFHTTPRequestOperation.m */,
				0452943716985951001F0504 /* AFImageRequestOperation.h */,
				0452943816985951001F0504 /* AFImageRequestOperation.m */,
				0452943916985951001F0504 /* AFJSONRequestOperation.h */,
				0452943A16985951001F0504 /* AFJSONRequestOperation.m */,
				0452943B16985951001F0504 /* AFNetworkActivityIndicatorManager.h */,
				0452943C16985951001F0504 /* AFNetworkActivityIndicatorManager.m */,
				0452943D16985951001F0504 /* AFNetworking.h */,
				0452943E16985951001F0504 /* AFPropertyListRequestOperation.h */,
				0452943F16985951001F0504 /* AFPropertyListRequestOperation.m */,
				0452944016985951001F0504 /* AFURLConnectionOperation.h */,
				0452944116985951001F0504 /* AFURLConnectionOperation.m */,
				0452944216985951001F0504 /* AFXMLRequestOperation.h */,
				0452944316985951001F0504 /* AFXMLRequestOperation.m */,
				0452944416985951001F0504 /* UIImageView+AFNetworking.h */,
				0452944516985951001F0504 /* UIImageView+AFNetworking.m */,
			);
			path = AFNetworking;
			sourceTree = "<group>";
		};
		0456B94B17CFAE0100826CEB /* ViewControllers_iPad */ = {
			isa = PBXGroup;
			children = (
				0456B95517CFAE7700826CEB /* DataViewController.h */,
				0456B95617CFAE7700826CEB /* DataViewController.m */,
				0456B95917CFAE7800826CEB /* UIViewWithShadow.h */,
				0456B95A17CFAE7800826CEB /* UIViewWithShadow.m */,
				0456B94C17CFAE0100826CEB /* MenuViewController.h */,
				0456B94D17CFAE0100826CEB /* MenuViewController.m */,
				0456B94E17CFAE0100826CEB /* RootViewController.h */,
				0456B94F17CFAE0100826CEB /* RootViewController.m */,
				0456B95017CFAE0100826CEB /* StackScrollViewController.h */,
				0456B95117CFAE0100826CEB /* StackScrollViewController.m */,
				0456B96117D1F1F600826CEB /* SlashatArchiveViewController~iPad.h */,
				0456B96217D1F1F600826CEB /* SlashatArchiveViewController~iPad.m */,
				0456B96417D1F59100826CEB /* SlashatArchiveEpisodeViewController~iPad.h */,
				0456B96517D1F59100826CEB /* SlashatArchiveEpisodeViewController~iPad.m */,
				0456B98017D32B0800826CEB /* SlashatLiveViewController~iPad.h */,
				0456B98117D32B0900826CEB /* SlashatLiveViewController~iPad.m */,
			);
			name = ViewControllers_iPad;
			path = StackScrollViewControllers;
			sourceTree = "<group>";
		};
		046DEAB0178214ED004A3A88 /* tab-bar */ = {
			isa = PBXGroup;
			children = (
				046DEAB1178214ED004A3A88 /* About_active.png */,
				046DEAB2178214ED004A3A88 /* About_active@2x.png */,
				046DEAB3178214ED004A3A88 /* About_passive.png */,
				046DEAB4178214ED004A3A88 /* About_passive@2x.png */,
				046DEAB5178214ED004A3A88 /* Archive_active.png */,
				046DEAB6178214ED004A3A88 /* Archive_active@2x.png */,
				046DEAB7178214ED004A3A88 /* Archive_passive.png */,
				046DEAB8178214ED004A3A88 /* Archive_passive@2x.png */,
				046DEAB9178214ED004A3A88 /* Live_active.png */,
				046DEABA178214ED004A3A88 /* Live_active@2x.png */,
				046DEABB178214ED004A3A88 /* Live_passive.png */,
				046DEABC178214ED004A3A88 /* Live_passive@2x.png */,
			);
			path = "tab-bar";
			sourceTree = "<group>";
		};
		04789285177A21AD0091B0AD /* Data */ = {
			isa = PBXGroup;
			children = (
				04789286177A21AD0091B0AD /* Slashat-hosts.plist */,
			);
			name = Data;
			path = Slashat/Data;
			sourceTree = "<group>";
		};
		04789291177EEEFE0091B0AD /* hosts */ = {
			isa = PBXGroup;
			children = (
				04599EEA17AA5550004C5B33 /* femalecodertocat@2x.png */,
				0478929C177EFC6E0091B0AD /* nicklas@2x.png */,
				0478929A177EF2DE0091B0AD /* snyggtommie@2x.jpg */,
				04789296177EF0EF0091B0AD /* snyggjohan@2x.jpg */,
				04789292177EEEFE0091B0AD /* snyggjeppe@2x.jpg */,
				04789293177EEEFE0091B0AD /* snyggmagnus@2x.jpg */,
			);
			path = hosts;
			sourceTree = "<group>";
		};
		048EC323173BB1D50043E57D /* Utils */ = {
			isa = PBXGroup;
			children = (
				048EC322173BB0370043E57D /* ColorUtils.h */,
				04F5F1E8175DB74600ED363B /* DateUtils.h */,
				04F5F1E9175DB74600ED363B /* DateUtils.m */,
			);
			name = Utils;
			sourceTree = "<group>";
		};
		04CEA8EA17D3550200C265B9 /* Categories */ = {
			isa = PBXGroup;
			children = (
				04CEA8EB17D3552000C265B9 /* UIColor+Slashat.h */,
				04CEA8EC17D3552000C265B9 /* UIColor+Slashat.m */,
			);
			path = Categories;
			sourceTree = "<group>";
		};
/* End PBXGroup section */

/* Begin PBXNativeTarget section */
		043B5438169313A500B71F3A /* Slashat */ = {
			isa = PBXNativeTarget;
			buildConfigurationList = 043B5480169313A500B71F3A /* Build configuration list for PBXNativeTarget "Slashat" */;
			buildPhases = (
				043B5435169313A500B71F3A /* Sources */,
				043B5436169313A500B71F3A /* Frameworks */,
				043B5437169313A500B71F3A /* Resources */,
			);
			buildRules = (
			);
			dependencies = (
			);
			name = Slashat;
			productName = Slashat;
			productReference = 043B5439169313A500B71F3A /* Slashat.app */;
			productType = "com.apple.product-type.application";
		};
		043B546D169313A500B71F3A /* SlashatTests */ = {
			isa = PBXNativeTarget;
			buildConfigurationList = 043B5483169313A500B71F3A /* Build configuration list for PBXNativeTarget "SlashatTests" */;
			buildPhases = (
				043B5469169313A500B71F3A /* Sources */,
				043B546A169313A500B71F3A /* Frameworks */,
				043B546B169313A500B71F3A /* Resources */,
				043B546C169313A500B71F3A /* ShellScript */,
			);
			buildRules = (
			);
			dependencies = (
				043B5474169313A500B71F3A /* PBXTargetDependency */,
			);
			name = SlashatTests;
			productName = SlashatTests;
			productReference = 043B546E169313A500B71F3A /* SlashatTests.octest */;
			productType = "com.apple.product-type.bundle";
		};
/* End PBXNativeTarget section */

/* Begin PBXProject section */
		043B5430169313A500B71F3A /* Project object */ = {
			isa = PBXProject;
			attributes = {
				LastUpgradeCheck = 0450;
				ORGANIZATIONNAME = "Johan Larsson";
			};
			buildConfigurationList = 043B5433169313A500B71F3A /* Build configuration list for PBXProject "Slashat" */;
			compatibilityVersion = "Xcode 3.2";
			developmentRegion = English;
			hasScannedForEncodings = 0;
			knownRegions = (
				en,
			);
			mainGroup = 043B542E169313A500B71F3A;
			productRefGroup = 043B543A169313A500B71F3A /* Products */;
			projectDirPath = "";
			projectRoot = "";
			targets = (
				043B5438169313A500B71F3A /* Slashat */,
				043B546D169313A500B71F3A /* SlashatTests */,
			);
		};
/* End PBXProject section */

/* Begin PBXResourcesBuildPhase section */
		043B5437169313A500B71F3A /* Resources */ = {
			isa = PBXResourcesBuildPhase;
			buildActionMask = 2147483647;
			files = (
				043B5448169313A500B71F3A /* InfoPlist.strings in Resources */,
				043B5450169313A500B71F3A /* Default.png in Resources */,
				043B5452169313A500B71F3A /* Default@2x.png in Resources */,
				043B5454169313A500B71F3A /* Default-568h@2x.png in Resources */,
				043B5457169313A500B71F3A /* MainStoryboard_iPhone.storyboard in Resources */,
				043B545A169313A500B71F3A /* MainStoryboard_iPad.storyboard in Resources */,
				042ECD4B1693537C00C77193 /* first.png in Resources */,
				042ECD4C1693537C00C77193 /* first@2x.png in Resources */,
				042ECD4D1693537C00C77193 /* logo.png in Resources */,
				042ECD4E1693537C00C77193 /* logo@2x.png in Resources */,
				042ECD4F1693537C00C77193 /* second.png in Resources */,
				042ECD501693537C00C77193 /* second@2x.png in Resources */,
				0481816516A0D11900F60954 /* icon.png in Resources */,
				0481816616A0D11900F60954 /* icon@2x.png in Resources */,
				04789287177A21AD0091B0AD /* Slashat-hosts.plist in Resources */,
				04789294177EEEFE0091B0AD /* snyggjeppe@2x.jpg in Resources */,
				04789295177EEEFE0091B0AD /* snyggmagnus@2x.jpg in Resources */,
				04789297177EF0EF0091B0AD /* snyggjohan@2x.jpg in Resources */,
				0478929B177EF2DE0091B0AD /* snyggtommie@2x.jpg in Resources */,
				0478929D177EFC6E0091B0AD /* nicklas@2x.png in Resources */,
				046DEAAA17820AC5004A3A88 /* Slashat_about@2x.png in Resources */,
				046DEAAB17820AC5004A3A88 /* Slashat_archive@2x.png in Resources */,
				046DEAAE17820CAC004A3A88 /* Slashat_archive.png in Resources */,
				046DEAAF17820CAC004A3A88 /* Slashat_about.png in Resources */,
				046DEABD178214ED004A3A88 /* About_active.png in Resources */,
				046DEABE178214ED004A3A88 /* About_active@2x.png in Resources */,
				046DEABF178214ED004A3A88 /* About_passive.png in Resources */,
				046DEAC0178214ED004A3A88 /* About_passive@2x.png in Resources */,
				046DEAC1178214ED004A3A88 /* Archive_active.png in Resources */,
				046DEAC2178214ED004A3A88 /* Archive_active@2x.png in Resources */,
				046DEAC3178214ED004A3A88 /* Archive_passive.png in Resources */,
				046DEAC4178214ED004A3A88 /* Archive_passive@2x.png in Resources */,
				046DEAC5178214ED004A3A88 /* Live_active.png in Resources */,
				046DEAC6178214ED004A3A88 /* Live_active@2x.png in Resources */,
				046DEAC7178214ED004A3A88 /* Live_passive.png in Resources */,
				046DEAC8178214ED004A3A88 /* Live_passive@2x.png in Resources */,
				04CA4C88179033A300428565 /* Slashat_mail.png in Resources */,
				04CA4C89179033A300428565 /* Slashat_twitter.png in Resources */,
				04CA4C8A179033A300428565 /* Slashat_webb.png in Resources */,
				04CA4C8B179033A300428565 /* Slashat_mail@2x.png in Resources */,
				04CA4C8C179033A300428565 /* Slashat_twitter@2x.png in Resources */,
				04CA4C8D179033A300428565 /* Slashat_webb@2x.png in Resources */,
				04CA4C90179036C100428565 /* Slashat_stream.png in Resources */,
				04CA4C91179036C100428565 /* Slashat_stream@2x.png in Resources */,
				04CA4C94179041DC00428565 /* Navigationbar.png in Resources */,
				04CA4C95179041DC00428565 /* Navigationbar@2x.png in Resources */,
				04CA4C981790448300428565 /* Slashat_logo.png in Resources */,
				04CA4C991790448300428565 /* Slashat_logo@2x.png in Resources */,
				04CA4C9E17941DE500428565 /* Slashat_fbshare.png in Resources */,
				04CA4C9F17941DE500428565 /* Slashat_twittershare.png in Resources */,
				04CA4CA017941DE500428565 /* Slashat_twittershare@2x.png in Resources */,
				04CA4CA117941DE500428565 /* Slashat_fbshare@2x.png in Resources */,
				04599EEB17AA5550004C5B33 /* femalecodertocat@2x.png in Resources */,
				04956B5117AA7FF200091C26 /* SlashatAudioControlsView~iphone.xib in Resources */,
				04956B5617AA876200091C26 /* Slashat_pause.png in Resources */,
				04956B5717AA876200091C26 /* Slashat_play.png in Resources */,
				04956B5817AA876200091C26 /* Slashat_pause@2x.png in Resources */,
				04956B5917AA876200091C26 /* Slashat_play@2x.png in Resources */,
				04956B5C17B5690A00091C26 /* player_flap.png in Resources */,
				04956B5D17B5690A00091C26 /* player_flap@2x.png in Resources */,
				04956B6017B56A8400091C26 /* player_flap_icon.png in Resources */,
				04956B6117B56A8400091C26 /* player_flap_icon@2x.png in Resources */,
				04E9FE0417CD29A500D77E83 /* podcast_icon.png in Resources */,
				04E9FE0517CD29A500D77E83 /* podcast_icon@2x.png in Resources */,
				0456B98417D3386D00826CEB /* CountdownView~iPad.xib in Resources */,
				0456B98717D341A900826CEB /* logo_neg.png in Resources */,
				0456B98817D341A900826CEB /* logo_neg@2x.png in Resources */,
				04CEA8EF17D359E900C265B9 /* SlashatEpisodeView~iPad.xib in Resources */,
			);
			runOnlyForDeploymentPostprocessing = 0;
		};
		043B546B169313A500B71F3A /* Resources */ = {
			isa = PBXResourcesBuildPhase;
			buildActionMask = 2147483647;
			files = (
				043B547A169313A500B71F3A /* InfoPlist.strings in Resources */,
			);
			runOnlyForDeploymentPostprocessing = 0;
		};
/* End PBXResourcesBuildPhase section */

/* Begin PBXShellScriptBuildPhase section */
		043B546C169313A500B71F3A /* ShellScript */ = {
			isa = PBXShellScriptBuildPhase;
			buildActionMask = 2147483647;
			files = (
			);
			inputPaths = (
			);
			outputPaths = (
			);
			runOnlyForDeploymentPostprocessing = 0;
			shellPath = /bin/sh;
			shellScript = "# Run the unit tests in this test bundle.\n\"${SYSTEM_DEVELOPER_DIR}/Tools/RunUnitTests\"\n";
		};
/* End PBXShellScriptBuildPhase section */

/* Begin PBXSourcesBuildPhase section */
		043B5435169313A500B71F3A /* Sources */ = {
			isa = PBXSourcesBuildPhase;
			buildActionMask = 2147483647;
			files = (
				043B544A169313A500B71F3A /* main.m in Sources */,
				043B544E169313A500B71F3A /* AppDelegate.m in Sources */,
				042ECD64169614C200C77193 /* SlashatArchiveTableViewController.m in Sources */,
				042ECD6A169616C400C77193 /* SlashatAboutTableViewController.m in Sources */,
				042ECD6D1696177D00C77193 /* SlashatAboutHostProfileViewController.m in Sources */,
				042ECD7016961A1400C77193 /* SlashatLiveViewController.m in Sources */,
				0452944616985951001F0504 /* AFHTTPClient.m in Sources */,
				0452944716985951001F0504 /* AFHTTPRequestOperation.m in Sources */,
				0452944816985951001F0504 /* AFImageRequestOperation.m in Sources */,
				0452944916985951001F0504 /* AFJSONRequestOperation.m in Sources */,
				0452944A16985951001F0504 /* AFNetworkActivityIndicatorManager.m in Sources */,
				0452944B16985951001F0504 /* AFPropertyListRequestOperation.m in Sources */,
				0452944C16985951001F0504 /* AFURLConnectionOperation.m in Sources */,
				0452944D16985951001F0504 /* AFXMLRequestOperation.m in Sources */,
				0452944E16985951001F0504 /* UIImageView+AFNetworking.m in Sources */,
				044730591698623F00C74E01 /* RSSParser.m in Sources */,
				0447305D16987BB100C74E01 /* SlashatArchiveEpisodeViewController.m in Sources */,
				0481815A16A0A71000F60954 /* SlashatAudioHandler.m in Sources */,
				0481815E16A0BC4500F60954 /* SlashatEpisode.m in Sources */,
				0481816D16A314D900F60954 /* SlashatAudioControlViewController.m in Sources */,
				046D60E016BD12D80088678E /* SlashatLiveVideoViewController.m in Sources */,
				043255161702255200639F82 /* SlashatCountdownViewController.m in Sources */,
				04F5F1EA175DB74600ED363B /* DateUtils.m in Sources */,
				04789290177A30050091B0AD /* SlashatHost.m in Sources */,
				0444667217CE68A4007E9707 /* SlashatApplication.m in Sources */,
				0456B95217CFAE0100826CEB /* MenuViewController.m in Sources */,
				0456B95317CFAE0100826CEB /* RootViewController.m in Sources */,
				0456B95417CFAE0100826CEB /* StackScrollViewController.m in Sources */,
				0456B95B17CFAE7800826CEB /* DataViewController.m in Sources */,
				0456B95D17CFAE7800826CEB /* UIViewWithShadow.m in Sources */,
				0456B96017D1E97900826CEB /* SlashatAPIManager.m in Sources */,
				0456B96317D1F1F600826CEB /* SlashatArchiveViewController~iPad.m in Sources */,
				0456B96617D1F59200826CEB /* SlashatArchiveEpisodeViewController~iPad.m in Sources */,
				0456B98217D32B0900826CEB /* SlashatLiveViewController~iPad.m in Sources */,
				04CEA8ED17D3552000C265B9 /* UIColor+Slashat.m in Sources */,
			);
			runOnlyForDeploymentPostprocessing = 0;
		};
		043B5469169313A500B71F3A /* Sources */ = {
			isa = PBXSourcesBuildPhase;
			buildActionMask = 2147483647;
			files = (
				043B547D169313A500B71F3A /* SlashatTests.m in Sources */,
			);
			runOnlyForDeploymentPostprocessing = 0;
		};
/* End PBXSourcesBuildPhase section */

/* Begin PBXTargetDependency section */
		043B5474169313A500B71F3A /* PBXTargetDependency */ = {
			isa = PBXTargetDependency;
			target = 043B5438169313A500B71F3A /* Slashat */;
			targetProxy = 043B5473169313A500B71F3A /* PBXContainerItemProxy */;
		};
/* End PBXTargetDependency section */

/* Begin PBXVariantGroup section */
		043B5446169313A500B71F3A /* InfoPlist.strings */ = {
			isa = PBXVariantGroup;
			children = (
				043B5447169313A500B71F3A /* en */,
			);
			name = InfoPlist.strings;
			sourceTree = "<group>";
		};
		043B5455169313A500B71F3A /* MainStoryboard_iPhone.storyboard */ = {
			isa = PBXVariantGroup;
			children = (
				043B5456169313A500B71F3A /* en */,
			);
			name = MainStoryboard_iPhone.storyboard;
			sourceTree = "<group>";
		};
		043B5458169313A500B71F3A /* MainStoryboard_iPad.storyboard */ = {
			isa = PBXVariantGroup;
			children = (
				043B5459169313A500B71F3A /* en */,
			);
			name = MainStoryboard_iPad.storyboard;
			sourceTree = "<group>";
		};
		043B5478169313A500B71F3A /* InfoPlist.strings */ = {
			isa = PBXVariantGroup;
			children = (
				043B5479169313A500B71F3A /* en */,
			);
			name = InfoPlist.strings;
			sourceTree = "<group>";
		};
/* End PBXVariantGroup section */

/* Begin XCBuildConfiguration section */
		043B547E169313A500B71F3A /* Debug */ = {
			isa = XCBuildConfiguration;
			buildSettings = {
				ALWAYS_SEARCH_USER_PATHS = NO;
				CLANG_CXX_LANGUAGE_STANDARD = "gnu++0x";
				CLANG_CXX_LIBRARY = "libc++";
				CLANG_ENABLE_OBJC_ARC = YES;
				CLANG_WARN_EMPTY_BODY = YES;
				CLANG_WARN__DUPLICATE_METHOD_MATCH = YES;
				"CODE_SIGN_IDENTITY[sdk=iphoneos*]" = "iPhone Developer";
				COPY_PHASE_STRIP = NO;
				GCC_C_LANGUAGE_STANDARD = gnu99;
				GCC_DYNAMIC_NO_PIC = NO;
				GCC_OPTIMIZATION_LEVEL = 0;
				GCC_PREPROCESSOR_DEFINITIONS = (
					"DEBUG=1",
					"$(inherited)",
				);
				GCC_SYMBOLS_PRIVATE_EXTERN = NO;
				GCC_WARN_ABOUT_RETURN_TYPE = YES;
				GCC_WARN_UNINITIALIZED_AUTOS = YES;
				GCC_WARN_UNUSED_VARIABLE = YES;
				IPHONEOS_DEPLOYMENT_TARGET = 6.0;
				ONLY_ACTIVE_ARCH = YES;
				"PROVISIONING_PROFILE[sdk=iphoneos*]" = "";
				SDKROOT = iphoneos;
				TARGETED_DEVICE_FAMILY = "1,2";
			};
			name = Debug;
		};
		043B547F169313A500B71F3A /* Release */ = {
			isa = XCBuildConfiguration;
			buildSettings = {
				ALWAYS_SEARCH_USER_PATHS = NO;
				CLANG_CXX_LANGUAGE_STANDARD = "gnu++0x";
				CLANG_CXX_LIBRARY = "libc++";
				CLANG_ENABLE_OBJC_ARC = YES;
				CLANG_WARN_EMPTY_BODY = YES;
				CLANG_WARN__DUPLICATE_METHOD_MATCH = YES;
				CODE_SIGN_IDENTITY = "iPhone Distribution: Johan Larsson (X23ZFVGL7W)";
				"CODE_SIGN_IDENTITY[sdk=iphoneos*]" = "iPhone Distribution: Johan Larsson (X23ZFVGL7W)";
				COPY_PHASE_STRIP = YES;
				GCC_C_LANGUAGE_STANDARD = gnu99;
				GCC_WARN_ABOUT_RETURN_TYPE = YES;
				GCC_WARN_UNINITIALIZED_AUTOS = YES;
				GCC_WARN_UNUSED_VARIABLE = YES;
				IPHONEOS_DEPLOYMENT_TARGET = 6.0;
				OTHER_CFLAGS = "-DNS_BLOCK_ASSERTIONS=1";
				PROVISIONING_PROFILE = "FAA87CA2-3055-456B-9C7A-85AF4F4A4F7E";
				"PROVISIONING_PROFILE[sdk=iphoneos*]" = "FAA87CA2-3055-456B-9C7A-85AF4F4A4F7E";
				SDKROOT = iphoneos;
				TARGETED_DEVICE_FAMILY = "1,2";
				VALIDATE_PRODUCT = YES;
			};
			name = Release;
		};
		043B5481169313A500B71F3A /* Debug */ = {
			isa = XCBuildConfiguration;
			buildSettings = {
				CODE_SIGN_IDENTITY = "iPhone Developer";
				"CODE_SIGN_IDENTITY[sdk=iphoneos*]" = "iPhone Developer";
				GCC_PRECOMPILE_PREFIX_HEADER = YES;
				GCC_PREFIX_HEADER = "Slashat/Slashat-Prefix.pch";
				INFOPLIST_FILE = "Slashat/Slashat-Info.plist";
				IPHONEOS_DEPLOYMENT_TARGET = 6.1;
				PRODUCT_NAME = "$(TARGET_NAME)";
				PROVISIONING_PROFILE = "";
				"PROVISIONING_PROFILE[sdk=iphoneos*]" = "";
				TARGETED_DEVICE_FAMILY = "1,2";
				WRAPPER_EXTENSION = app;
			};
			name = Debug;
		};
		043B5482169313A500B71F3A /* Release */ = {
			isa = XCBuildConfiguration;
			buildSettings = {
				"CODE_SIGN_IDENTITY[sdk=iphoneos*]" = "iPhone Distribution: Johan Larsson (X23ZFVGL7W)";
				GCC_PRECOMPILE_PREFIX_HEADER = YES;
				GCC_PREFIX_HEADER = "Slashat/Slashat-Prefix.pch";
				INFOPLIST_FILE = "Slashat/Slashat-Info.plist";
				IPHONEOS_DEPLOYMENT_TARGET = 6.1;
				PRODUCT_NAME = "$(TARGET_NAME)";
				TARGETED_DEVICE_FAMILY = "1,2";
				WRAPPER_EXTENSION = app;
			};
			name = Release;
		};
		043B5484169313A500B71F3A /* Debug */ = {
			isa = XCBuildConfiguration;
			buildSettings = {
				BUNDLE_LOADER = "$(BUILT_PRODUCTS_DIR)/Slashat.app/Slashat";
				FRAMEWORK_SEARCH_PATHS = (
					"\"$(SDKROOT)/Developer/Library/Frameworks\"",
					"\"$(DEVELOPER_LIBRARY_DIR)/Frameworks\"",
				);
				GCC_PRECOMPILE_PREFIX_HEADER = YES;
				GCC_PREFIX_HEADER = "Slashat/Slashat-Prefix.pch";
				INFOPLIST_FILE = "SlashatTests/SlashatTests-Info.plist";
				PRODUCT_NAME = "$(TARGET_NAME)";
				TEST_HOST = "$(BUNDLE_LOADER)";
				WRAPPER_EXTENSION = octest;
			};
			name = Debug;
		};
		043B5485169313A500B71F3A /* Release */ = {
			isa = XCBuildConfiguration;
			buildSettings = {
				BUNDLE_LOADER = "$(BUILT_PRODUCTS_DIR)/Slashat.app/Slashat";
				FRAMEWORK_SEARCH_PATHS = (
					"\"$(SDKROOT)/Developer/Library/Frameworks\"",
					"\"$(DEVELOPER_LIBRARY_DIR)/Frameworks\"",
				);
				GCC_PRECOMPILE_PREFIX_HEADER = YES;
				GCC_PREFIX_HEADER = "Slashat/Slashat-Prefix.pch";
				INFOPLIST_FILE = "SlashatTests/SlashatTests-Info.plist";
				PRODUCT_NAME = "$(TARGET_NAME)";
				TEST_HOST = "$(BUNDLE_LOADER)";
				WRAPPER_EXTENSION = octest;
			};
			name = Release;
		};
/* End XCBuildConfiguration section */

/* Begin XCConfigurationList section */
		043B5433169313A500B71F3A /* Build configuration list for PBXProject "Slashat" */ = {
			isa = XCConfigurationList;
			buildConfigurations = (
				043B547E169313A500B71F3A /* Debug */,
				043B547F169313A500B71F3A /* Release */,
			);
			defaultConfigurationIsVisible = 0;
			defaultConfigurationName = Release;
		};
		043B5480169313A500B71F3A /* Build configuration list for PBXNativeTarget "Slashat" */ = {
			isa = XCConfigurationList;
			buildConfigurations = (
				043B5481169313A500B71F3A /* Debug */,
				043B5482169313A500B71F3A /* Release */,
			);
			defaultConfigurationIsVisible = 0;
			defaultConfigurationName = Release;
		};
		043B5483169313A500B71F3A /* Build configuration list for PBXNativeTarget "SlashatTests" */ = {
			isa = XCConfigurationList;
			buildConfigurations = (
				043B5484169313A500B71F3A /* Debug */,
				043B5485169313A500B71F3A /* Release */,
			);
			defaultConfigurationIsVisible = 0;
			defaultConfigurationName = Release;
		};
/* End XCConfigurationList section */
	};
	rootObject = 043B5430169313A500B71F3A /* Project object */;
}
